// !$*UTF8*$!
{
	archiveVersion = 1;
	classes = {
	};
	objectVersion = 46;
	objects = {

/* Begin PBXBuildFile section */
		1814FEA91CEC038B008AA350 /* ProfileVC.m in Sources */ = {isa = PBXBuildFile; fileRef = 1814FEA81CEC038B008AA350 /* ProfileVC.m */; };
		185509AD1CCF5075009641D0 /* ServiceRequest.m in Sources */ = {isa = PBXBuildFile; fileRef = 185509AC1CCF5075009641D0 /* ServiceRequest.m */; };
		185509C41CCF7C36009641D0 /* CoreLocation.framework in Frameworks */ = {isa = PBXBuildFile; fileRef = 185509C31CCF7C36009641D0 /* CoreLocation.framework */; };
		185509C61CCF7C3C009641D0 /* MapKit.framework in Frameworks */ = {isa = PBXBuildFile; fileRef = 185509C51CCF7C3C009641D0 /* MapKit.framework */; };
		185509C81CCF7E73009641D0 /* GoogleService-Info.plist in Resources */ = {isa = PBXBuildFile; fileRef = 185509C71CCF7E73009641D0 /* GoogleService-Info.plist */; };
		1862218C1CCDF57300B1845C /* main.m in Sources */ = {isa = PBXBuildFile; fileRef = 1862218B1CCDF57300B1845C /* main.m */; };
		1862218F1CCDF57300B1845C /* AppDelegate.m in Sources */ = {isa = PBXBuildFile; fileRef = 1862218E1CCDF57300B1845C /* AppDelegate.m */; };
		186221951CCDF57300B1845C /* Main.storyboard in Resources */ = {isa = PBXBuildFile; fileRef = 186221931CCDF57300B1845C /* Main.storyboard */; };
		186221971CCDF57300B1845C /* Assets.xcassets in Resources */ = {isa = PBXBuildFile; fileRef = 186221961CCDF57300B1845C /* Assets.xcassets */; };
		1862219A1CCDF57300B1845C /* LaunchScreen.storyboard in Resources */ = {isa = PBXBuildFile; fileRef = 186221981CCDF57300B1845C /* LaunchScreen.storyboard */; };
		186221A51CCDF57300B1845C /* StylerTests.m in Sources */ = {isa = PBXBuildFile; fileRef = 186221A41CCDF57300B1845C /* StylerTests.m */; };
		186221B01CCDF57300B1845C /* StylerUITests.m in Sources */ = {isa = PBXBuildFile; fileRef = 186221AF1CCDF57300B1845C /* StylerUITests.m */; };
		186221C81CCDFC2700B1845C /* SignInVC.m in Sources */ = {isa = PBXBuildFile; fileRef = 186221C71CCDFC2700B1845C /* SignInVC.m */; };
		186221CB1CCDFCAF00B1845C /* SignUpVC.m in Sources */ = {isa = PBXBuildFile; fileRef = 186221CA1CCDFCAF00B1845C /* SignUpVC.m */; };
		186221CE1CCDFCBE00B1845C /* SignUpVC2.m in Sources */ = {isa = PBXBuildFile; fileRef = 186221CD1CCDFCBE00B1845C /* SignUpVC2.m */; };
		186221D11CCDFCD000B1845C /* SignUpVC3.m in Sources */ = {isa = PBXBuildFile; fileRef = 186221D01CCDFCD000B1845C /* SignUpVC3.m */; };
		187C0C251CE0284000EF780E /* QuartzCore.framework in Frameworks */ = {isa = PBXBuildFile; fileRef = 187C0C241CE0284000EF780E /* QuartzCore.framework */; };
		187F60BD1CDB41AC007230AC /* StylerVC.m in Sources */ = {isa = PBXBuildFile; fileRef = 187F60BC1CDB41AC007230AC /* StylerVC.m */; };
		187F60E81CDB4F0E007230AC /* ImplementationVC.m in Sources */ = {isa = PBXBuildFile; fileRef = 187F60E71CDB4F0E007230AC /* ImplementationVC.m */; };
		188ABF031CEB0836008C4C5B /* libz.1.dylib in Frameworks */ = {isa = PBXBuildFile; fileRef = 188ABF021CEB0836008C4C5B /* libz.1.dylib */; };
		188ABF051CEB0870008C4C5B /* libxml2.2.dylib in Frameworks */ = {isa = PBXBuildFile; fileRef = 188ABF041CEB0870008C4C5B /* libxml2.2.dylib */; };
		188ABF091CEB0941008C4C5B /* Security.framework in Frameworks */ = {isa = PBXBuildFile; fileRef = 188ABF081CEB0941008C4C5B /* Security.framework */; };
		188ABF0B1CEB094B008C4C5B /* AddressBook.framework in Frameworks */ = {isa = PBXBuildFile; fileRef = 188ABF0A1CEB094B008C4C5B /* AddressBook.framework */; };
		188ABF0D1CEB0951008C4C5B /* CoreGraphics.framework in Frameworks */ = {isa = PBXBuildFile; fileRef = 188ABF0C1CEB0951008C4C5B /* CoreGraphics.framework */; };
		188ABF0F1CEB0964008C4C5B /* Foundation.framework in Frameworks */ = {isa = PBXBuildFile; fileRef = 188ABF0E1CEB0964008C4C5B /* Foundation.framework */; };
		188ABF111CEB096B008C4C5B /* UIKit.framework in Frameworks */ = {isa = PBXBuildFile; fileRef = 188ABF101CEB096B008C4C5B /* UIKit.framework */; };
		188ABF131CEB097B008C4C5B /* SystemConfiguration.framework in Frameworks */ = {isa = PBXBuildFile; fileRef = 188ABF121CEB097B008C4C5B /* SystemConfiguration.framework */; };
		188ABF151CEB09FC008C4C5B /* libPayPalMPL.a in Frameworks */ = {isa = PBXBuildFile; fileRef = 188ABF141CEB09FC008C4C5B /* libPayPalMPL.a */; };
		188ABF161CEB09FC008C4C5B /* libPayPalMPL.a in Frameworks */ = {isa = PBXBuildFile; fileRef = 188ABF141CEB09FC008C4C5B /* libPayPalMPL.a */; };
		188ABF171CEB09FC008C4C5B /* libPayPalMPL.a in Frameworks */ = {isa = PBXBuildFile; fileRef = 188ABF141CEB09FC008C4C5B /* libPayPalMPL.a */; };
		188AC5CE1CD0A0FF00171D28 /* SignUpVC4.m in Sources */ = {isa = PBXBuildFile; fileRef = 188AC5CD1CD0A0FF00171D28 /* SignUpVC4.m */; };
		188C28C61CEC99FD008ABBCE /* SWRevealViewController.m in Sources */ = {isa = PBXBuildFile; fileRef = 188C28C51CEC99FD008ABBCE /* SWRevealViewController.m */; };
		188C28CF1CEC9B88008ABBCE /* SPGooglePlacesAutocompletePlace.m in Sources */ = {isa = PBXBuildFile; fileRef = 188C28C81CEC9B88008ABBCE /* SPGooglePlacesAutocompletePlace.m */; };
		188C28D01CEC9B88008ABBCE /* SPGooglePlacesAutocompleteQuery.m in Sources */ = {isa = PBXBuildFile; fileRef = 188C28CA1CEC9B88008ABBCE /* SPGooglePlacesAutocompleteQuery.m */; };
		188C28D11CEC9B88008ABBCE /* SPGooglePlacesAutocompleteUtilities.m in Sources */ = {isa = PBXBuildFile; fileRef = 188C28CC1CEC9B88008ABBCE /* SPGooglePlacesAutocompleteUtilities.m */; };
		188C28D21CEC9B88008ABBCE /* SPGooglePlacesPlaceDetailQuery.m in Sources */ = {isa = PBXBuildFile; fileRef = 188C28CE1CEC9B88008ABBCE /* SPGooglePlacesPlaceDetailQuery.m */; };
		1898C75E1CD8A62C00A2A904 /* ConfirmRequest.m in Sources */ = {isa = PBXBuildFile; fileRef = 1898C75D1CD8A62C00A2A904 /* ConfirmRequest.m */; };
		18A8EC651CDD936B009883A3 /* ReceiptVC.m in Sources */ = {isa = PBXBuildFile; fileRef = 18A8EC641CDD936B009883A3 /* ReceiptVC.m */; };
		18A8EC681CDDA625009883A3 /* ShareServiceVC.m in Sources */ = {isa = PBXBuildFile; fileRef = 18A8EC671CDDA625009883A3 /* ShareServiceVC.m */; };
		18B32C391CD9D36100EF518A /* StylerFindingVC.m in Sources */ = {isa = PBXBuildFile; fileRef = 18B32C381CD9D36100EF518A /* StylerFindingVC.m */; };
		18CEC48C1CD3089C00C943DD /* ServicesVC.m in Sources */ = {isa = PBXBuildFile; fileRef = 18CEC48B1CD3089C00C943DD /* ServicesVC.m */; };
		18E0BE6D1CCE73D2007BBFB8 /* FBSDKCoreKit.framework in Frameworks */ = {isa = PBXBuildFile; fileRef = 18E0BE6A1CCE73D2007BBFB8 /* FBSDKCoreKit.framework */; };
		18E0BE6E1CCE73D2007BBFB8 /* FBSDKLoginKit.framework in Frameworks */ = {isa = PBXBuildFile; fileRef = 18E0BE6B1CCE73D2007BBFB8 /* FBSDKLoginKit.framework */; };
		18E0BE6F1CCE73D2007BBFB8 /* FBSDKShareKit.framework in Frameworks */ = {isa = PBXBuildFile; fileRef = 18E0BE6C1CCE73D2007BBFB8 /* FBSDKShareKit.framework */; };
		18E384BA1CD1CBDB00A11DDD /* MenuVC.m in Sources */ = {isa = PBXBuildFile; fileRef = 18E384B91CD1CBDB00A11DDD /* MenuVC.m */; };
		18FA963E1CEC7E18001773C4 /* anonymous.jpg in Resources */ = {isa = PBXBuildFile; fileRef = 18FA961C1CEC7E18001773C4 /* anonymous.jpg */; };
		18FA963F1CEC7E18001773C4 /* back.png in Resources */ = {isa = PBXBuildFile; fileRef = 18FA961D1CEC7E18001773C4 /* back.png */; };
		18FA96401CEC7E18001773C4 /* call.png in Resources */ = {isa = PBXBuildFile; fileRef = 18FA961E1CEC7E18001773C4 /* call.png */; };
		18FA96411CEC7E18001773C4 /* camera.png in Resources */ = {isa = PBXBuildFile; fileRef = 18FA961F1CEC7E18001773C4 /* camera.png */; };
		18FA96421CEC7E18001773C4 /* car.png in Resources */ = {isa = PBXBuildFile; fileRef = 18FA96201CEC7E18001773C4 /* car.png */; };
		18FA96431CEC7E18001773C4 /* circle.png in Resources */ = {isa = PBXBuildFile; fileRef = 18FA96211CEC7E18001773C4 /* circle.png */; };
		18FA96441CEC7E18001773C4 /* currentposition.png in Resources */ = {isa = PBXBuildFile; fileRef = 18FA96221CEC7E18001773C4 /* currentposition.png */; };
		18FA96451CEC7E18001773C4 /* email.png in Resources */ = {isa = PBXBuildFile; fileRef = 18FA96231CEC7E18001773C4 /* email.png */; };
		18FA96461CEC7E18001773C4 /* facebook.png in Resources */ = {isa = PBXBuildFile; fileRef = 18FA96241CEC7E18001773C4 /* facebook.png */; };
		18FA96471CEC7E18001773C4 /* facebook2.png in Resources */ = {isa = PBXBuildFile; fileRef = 18FA96251CEC7E18001773C4 /* facebook2.png */; };
		18FA96481CEC7E18001773C4 /* gmail.png in Resources */ = {isa = PBXBuildFile; fileRef = 18FA96261CEC7E18001773C4 /* gmail.png */; };
		18FA96491CEC7E18001773C4 /* googleplus.png in Resources */ = {isa = PBXBuildFile; fileRef = 18FA96271CEC7E18001773C4 /* googleplus.png */; };
		18FA964A1CEC7E18001773C4 /* history.png in Resources */ = {isa = PBXBuildFile; fileRef = 18FA96281CEC7E18001773C4 /* history.png */; };
		18FA964B1CEC7E18001773C4 /* home.png in Resources */ = {isa = PBXBuildFile; fileRef = 18FA96291CEC7E18001773C4 /* home.png */; };
		18FA964C1CEC7E18001773C4 /* movedown.png in Resources */ = {isa = PBXBuildFile; fileRef = 18FA962A1CEC7E18001773C4 /* movedown.png */; };
		18FA964D1CEC7E18001773C4 /* moveup.png in Resources */ = {isa = PBXBuildFile; fileRef = 18FA962B1CEC7E18001773C4 /* moveup.png */; };
		18FA964E1CEC7E18001773C4 /* nail.png in Resources */ = {isa = PBXBuildFile; fileRef = 18FA962C1CEC7E18001773C4 /* nail.png */; };
		18FA964F1CEC7E18001773C4 /* notifications.png in Resources */ = {isa = PBXBuildFile; fileRef = 18FA962D1CEC7E18001773C4 /* notifications.png */; };
		18FA96501CEC7E18001773C4 /* payment.png in Resources */ = {isa = PBXBuildFile; fileRef = 18FA962E1CEC7E18001773C4 /* payment.png */; };
		18FA96511CEC7E18001773C4 /* popbar.png in Resources */ = {isa = PBXBuildFile; fileRef = 18FA962F1CEC7E18001773C4 /* popbar.png */; };
		18FA96521CEC7E18001773C4 /* profile.png in Resources */ = {isa = PBXBuildFile; fileRef = 18FA96301CEC7E18001773C4 /* profile.png */; };
		18FA96531CEC7E18001773C4 /* profileImg.gif in Resources */ = {isa = PBXBuildFile; fileRef = 18FA96311CEC7E18001773C4 /* profileImg.gif */; };
		18FA96541CEC7E18001773C4 /* promotions.png in Resources */ = {isa = PBXBuildFile; fileRef = 18FA96321CEC7E18001773C4 /* promotions.png */; };
		18FA96551CEC7E18001773C4 /* signin.jpg in Resources */ = {isa = PBXBuildFile; fileRef = 18FA96331CEC7E18001773C4 /* signin.jpg */; };
		18FA96561CEC7E18001773C4 /* signup.jpg in Resources */ = {isa = PBXBuildFile; fileRef = 18FA96341CEC7E18001773C4 /* signup.jpg */; };
		18FA96571CEC7E18001773C4 /* star.png in Resources */ = {isa = PBXBuildFile; fileRef = 18FA96351CEC7E18001773C4 /* star.png */; };
		18FA96581CEC7E18001773C4 /* starno.png in Resources */ = {isa = PBXBuildFile; fileRef = 18FA96361CEC7E18001773C4 /* starno.png */; };
		18FA96591CEC7E18001773C4 /* styler_waiting.png in Resources */ = {isa = PBXBuildFile; fileRef = 18FA96371CEC7E18001773C4 /* styler_waiting.png */; };
		18FA965A1CEC7E18001773C4 /* styler0.jpg in Resources */ = {isa = PBXBuildFile; fileRef = 18FA96381CEC7E18001773C4 /* styler0.jpg */; };
		18FA965B1CEC7E18001773C4 /* tick in Resources */ = {isa = PBXBuildFile; fileRef = 18FA96391CEC7E18001773C4 /* tick */; };
		18FA965C1CEC7E18001773C4 /* tick.png in Resources */ = {isa = PBXBuildFile; fileRef = 18FA963A1CEC7E18001773C4 /* tick.png */; };
		18FA965D1CEC7E18001773C4 /* toolbar.png in Resources */ = {isa = PBXBuildFile; fileRef = 18FA963B1CEC7E18001773C4 /* toolbar.png */; };
		18FA965E1CEC7E18001773C4 /* twitter.png in Resources */ = {isa = PBXBuildFile; fileRef = 18FA963C1CEC7E18001773C4 /* twitter.png */; };
		18FA965F1CEC7E18001773C4 /* userwaiting.png in Resources */ = {isa = PBXBuildFile; fileRef = 18FA963D1CEC7E18001773C4 /* userwaiting.png */; };
		18FA96731CEC7E5F001773C4 /* tmp-0.png in Resources */ = {isa = PBXBuildFile; fileRef = 18FA96601CEC7E5F001773C4 /* tmp-0.png */; };
		18FA96741CEC7E5F001773C4 /* tmp-1.png in Resources */ = {isa = PBXBuildFile; fileRef = 18FA96611CEC7E5F001773C4 /* tmp-1.png */; };
		18FA96751CEC7E5F001773C4 /* tmp-2.png in Resources */ = {isa = PBXBuildFile; fileRef = 18FA96621CEC7E5F001773C4 /* tmp-2.png */; };
		18FA96761CEC7E5F001773C4 /* tmp-3.png in Resources */ = {isa = PBXBuildFile; fileRef = 18FA96631CEC7E5F001773C4 /* tmp-3.png */; };
		18FA96771CEC7E5F001773C4 /* tmp-4.png in Resources */ = {isa = PBXBuildFile; fileRef = 18FA96641CEC7E5F001773C4 /* tmp-4.png */; };
		18FA96781CEC7E5F001773C4 /* tmp-5.png in Resources */ = {isa = PBXBuildFile; fileRef = 18FA96651CEC7E5F001773C4 /* tmp-5.png */; };
		18FA96791CEC7E5F001773C4 /* tmp-6.png in Resources */ = {isa = PBXBuildFile; fileRef = 18FA96661CEC7E5F001773C4 /* tmp-6.png */; };
		18FA967A1CEC7E5F001773C4 /* tmp-7.png in Resources */ = {isa = PBXBuildFile; fileRef = 18FA96671CEC7E5F001773C4 /* tmp-7.png */; };
		18FA967B1CEC7E5F001773C4 /* tmp-8.png in Resources */ = {isa = PBXBuildFile; fileRef = 18FA96681CEC7E5F001773C4 /* tmp-8.png */; };
		18FA967C1CEC7E5F001773C4 /* tmp-9.png in Resources */ = {isa = PBXBuildFile; fileRef = 18FA96691CEC7E5F001773C4 /* tmp-9.png */; };
		18FA967D1CEC7E5F001773C4 /* tmp-10.png in Resources */ = {isa = PBXBuildFile; fileRef = 18FA966A1CEC7E5F001773C4 /* tmp-10.png */; };
		18FA967E1CEC7E5F001773C4 /* tmp-11.png in Resources */ = {isa = PBXBuildFile; fileRef = 18FA966B1CEC7E5F001773C4 /* tmp-11.png */; };
		18FA967F1CEC7E5F001773C4 /* tmp-12.png in Resources */ = {isa = PBXBuildFile; fileRef = 18FA966C1CEC7E5F001773C4 /* tmp-12.png */; };
		18FA96801CEC7E5F001773C4 /* tmp-13.png in Resources */ = {isa = PBXBuildFile; fileRef = 18FA966D1CEC7E5F001773C4 /* tmp-13.png */; };
		18FA96811CEC7E5F001773C4 /* tmp-14.png in Resources */ = {isa = PBXBuildFile; fileRef = 18FA966E1CEC7E5F001773C4 /* tmp-14.png */; };
		18FA96821CEC7E5F001773C4 /* tmp-15.png in Resources */ = {isa = PBXBuildFile; fileRef = 18FA966F1CEC7E5F001773C4 /* tmp-15.png */; };
		18FA96831CEC7E5F001773C4 /* tmp-16.png in Resources */ = {isa = PBXBuildFile; fileRef = 18FA96701CEC7E5F001773C4 /* tmp-16.png */; };
		18FA96841CEC7E5F001773C4 /* tmp-17.png in Resources */ = {isa = PBXBuildFile; fileRef = 18FA96711CEC7E5F001773C4 /* tmp-17.png */; };
		18FA96851CEC7E5F001773C4 /* tmp-18.png in Resources */ = {isa = PBXBuildFile; fileRef = 18FA96721CEC7E5F001773C4 /* tmp-18.png */; };
		18FA968E1CEC7ED9001773C4 /* 0menuBg.png in Resources */ = {isa = PBXBuildFile; fileRef = 18FA96861CEC7ED9001773C4 /* 0menuBg.png */; };
		18FA968F1CEC7ED9001773C4 /* 1mainBg.jpg in Resources */ = {isa = PBXBuildFile; fileRef = 18FA96871CEC7ED9001773C4 /* 1mainBg.jpg */; };
		18FA96901CEC7ED9001773C4 /* 1shadeMainBg.jpg in Resources */ = {isa = PBXBuildFile; fileRef = 18FA96881CEC7ED9001773C4 /* 1shadeMainBg.jpg */; };
		18FA96911CEC7ED9001773C4 /* 2signinupBg.jpg in Resources */ = {isa = PBXBuildFile; fileRef = 18FA96891CEC7ED9001773C4 /* 2signinupBg.jpg */; };
		18FA96921CEC7ED9001773C4 /* 3confirmRequestBg.png in Resources */ = {isa = PBXBuildFile; fileRef = 18FA968A1CEC7ED9001773C4 /* 3confirmRequestBg.png */; };
		18FA96931CEC7ED9001773C4 /* blackbg.png in Resources */ = {isa = PBXBuildFile; fileRef = 18FA968B1CEC7ED9001773C4 /* blackbg.png */; };
		18FA96941CEC7ED9001773C4 /* map.jpg in Resources */ = {isa = PBXBuildFile; fileRef = 18FA968C1CEC7ED9001773C4 /* map.jpg */; };
		18FA96951CEC7ED9001773C4 /* trang1.jpg in Resources */ = {isa = PBXBuildFile; fileRef = 18FA968D1CEC7ED9001773C4 /* trang1.jpg */; };
		18FA96971CEC7F7B001773C4 /* hair.png in Resources */ = {isa = PBXBuildFile; fileRef = 18FA96961CEC7F7B001773C4 /* hair.png */; };
		18FA96EE1CEC9204001773C4 /* CheckLoginFacebook.m in Sources */ = {isa = PBXBuildFile; fileRef = 18FA96CB1CEC9204001773C4 /* CheckLoginFacebook.m */; };
		18FA96EF1CEC9204001773C4 /* CreateLink.m in Sources */ = {isa = PBXBuildFile; fileRef = 18FA96CD1CEC9204001773C4 /* CreateLink.m */; };
		18FA96F01CEC9204001773C4 /* EncodeString.m in Sources */ = {isa = PBXBuildFile; fileRef = 18FA96CF1CEC9204001773C4 /* EncodeString.m */; };
		18FA96F11CEC9204001773C4 /* GetIdProduct.m in Sources */ = {isa = PBXBuildFile; fileRef = 18FA96D11CEC9204001773C4 /* GetIdProduct.m */; };
		18FA96F21CEC9204001773C4 /* IOSRequest.m in Sources */ = {isa = PBXBuildFile; fileRef = 18FA96D31CEC9204001773C4 /* IOSRequest.m */; };
		18FA96F31CEC9204001773C4 /* LoadView.m in Sources */ = {isa = PBXBuildFile; fileRef = 18FA96D51CEC9204001773C4 /* LoadView.m */; };
		18FA96F41CEC9204001773C4 /* LoginFacebook.m in Sources */ = {isa = PBXBuildFile; fileRef = 18FA96D71CEC9204001773C4 /* LoginFacebook.m */; };
		18FA96F51CEC9204001773C4 /* NSString+EmailValidation.m in Sources */ = {isa = PBXBuildFile; fileRef = 18FA96D91CEC9204001773C4 /* NSString+EmailValidation.m */; };
		18FA96F61CEC9204001773C4 /* OnEmailLogin.m in Sources */ = {isa = PBXBuildFile; fileRef = 18FA96DB1CEC9204001773C4 /* OnEmailLogin.m */; };
		18FA96F71CEC9204001773C4 /* OnLoginFacebook.m in Sources */ = {isa = PBXBuildFile; fileRef = 18FA96DD1CEC9204001773C4 /* OnLoginFacebook.m */; };
		18FA96F81CEC9204001773C4 /* PushView.m in Sources */ = {isa = PBXBuildFile; fileRef = 18FA96DF1CEC9204001773C4 /* PushView.m */; };
		18FA96F91CEC9204001773C4 /* RateView.m in Sources */ = {isa = PBXBuildFile; fileRef = 18FA96E11CEC9204001773C4 /* RateView.m */; };
		18FA96FA1CEC9204001773C4 /* SetViewMoveUp.m in Sources */ = {isa = PBXBuildFile; fileRef = 18FA96E31CEC9204001773C4 /* SetViewMoveUp.m */; };
		18FA96FB1CEC9204001773C4 /* ShowActivityIndicatorView.m in Sources */ = {isa = PBXBuildFile; fileRef = 18FA96E51CEC9204001773C4 /* ShowActivityIndicatorView.m */; };
		18FA96FC1CEC9204001773C4 /* ShowAlertView.m in Sources */ = {isa = PBXBuildFile; fileRef = 18FA96E71CEC9204001773C4 /* ShowAlertView.m */; };
		18FA96FD1CEC9204001773C4 /* TableViewCell.m in Sources */ = {isa = PBXBuildFile; fileRef = 18FA96E91CEC9204001773C4 /* TableViewCell.m */; };
		18FA96FE1CEC9204001773C4 /* UpdateNotification.m in Sources */ = {isa = PBXBuildFile; fileRef = 18FA96EB1CEC9204001773C4 /* UpdateNotification.m */; };
		18FA96FF1CEC9204001773C4 /* UpdateUserData.m in Sources */ = {isa = PBXBuildFile; fileRef = 18FA96ED1CEC9204001773C4 /* UpdateUserData.m */; };
		18FA972B1CEC9744001773C4 /* MKNumberBadgeView.m in Sources */ = {isa = PBXBuildFile; fileRef = 18FA972A1CEC9744001773C4 /* MKNumberBadgeView.m */; };
		18FF04971CE9B1B9006B74F5 /* NotificationVC.m in Sources */ = {isa = PBXBuildFile; fileRef = 18FF04961CE9B1B9006B74F5 /* NotificationVC.m */; };
		785BBE7C340ED603E16A2DAA /* libPods.a in Frameworks */ = {isa = PBXBuildFile; fileRef = 96499342BA2FA500CC544ABC /* libPods.a */; };
/* End PBXBuildFile section */

/* Begin PBXContainerItemProxy section */
		186221A11CCDF57300B1845C /* PBXContainerItemProxy */ = {
			isa = PBXContainerItemProxy;
			containerPortal = 1862217F1CCDF57200B1845C /* Project object */;
			proxyType = 1;
			remoteGlobalIDString = 186221861CCDF57200B1845C;
			remoteInfo = Styler;
		};
		186221AC1CCDF57300B1845C /* PBXContainerItemProxy */ = {
			isa = PBXContainerItemProxy;
			containerPortal = 1862217F1CCDF57200B1845C /* Project object */;
			proxyType = 1;
			remoteGlobalIDString = 186221861CCDF57200B1845C;
			remoteInfo = Styler;
		};
/* End PBXContainerItemProxy section */

/* Begin PBXFileReference section */
		127F71193460C46B114237F6 /* Pods.debug.xcconfig */ = {isa = PBXFileReference; includeInIndex = 1; lastKnownFileType = text.xcconfig; name = Pods.debug.xcconfig; path = "Pods/Target Support Files/Pods/Pods.debug.xcconfig"; sourceTree = "<group>"; };
		181445801CEB0C8900F89E06 /* PayPal.h */ = {isa = PBXFileReference; fileEncoding = 4; lastKnownFileType = sourcecode.c.h; path = PayPal.h; sourceTree = "<group>"; };
		181445811CEB0C8900F89E06 /* PayPalAddress.h */ = {isa = PBXFileReference; fileEncoding = 4; lastKnownFileType = sourcecode.c.h; path = PayPalAddress.h; sourceTree = "<group>"; };
		181445821CEB0C8900F89E06 /* PayPalAdvancedPayment.h */ = {isa = PBXFileReference; fileEncoding = 4; lastKnownFileType = sourcecode.c.h; path = PayPalAdvancedPayment.h; sourceTree = "<group>"; };
		181445831CEB0C8900F89E06 /* PayPalAmounts.h */ = {isa = PBXFileReference; fileEncoding = 4; lastKnownFileType = sourcecode.c.h; path = PayPalAmounts.h; sourceTree = "<group>"; };
		181445841CEB0C8900F89E06 /* PayPalInvoiceData.h */ = {isa = PBXFileReference; fileEncoding = 4; lastKnownFileType = sourcecode.c.h; path = PayPalInvoiceData.h; sourceTree = "<group>"; };
		181445851CEB0C8900F89E06 /* PayPalInvoiceItem.h */ = {isa = PBXFileReference; fileEncoding = 4; lastKnownFileType = sourcecode.c.h; path = PayPalInvoiceItem.h; sourceTree = "<group>"; };
		181445861CEB0C8900F89E06 /* PayPalPayment.h */ = {isa = PBXFileReference; fileEncoding = 4; lastKnownFileType = sourcecode.c.h; path = PayPalPayment.h; sourceTree = "<group>"; };
		181445871CEB0C8900F89E06 /* PayPalPreapprovalDetails.h */ = {isa = PBXFileReference; fileEncoding = 4; lastKnownFileType = sourcecode.c.h; path = PayPalPreapprovalDetails.h; sourceTree = "<group>"; };
		181445881CEB0C8900F89E06 /* PayPalReceiverAmounts.h */ = {isa = PBXFileReference; fileEncoding = 4; lastKnownFileType = sourcecode.c.h; path = PayPalReceiverAmounts.h; sourceTree = "<group>"; };
		181445891CEB0C8900F89E06 /* PayPalReceiverPaymentDetails.h */ = {isa = PBXFileReference; fileEncoding = 4; lastKnownFileType = sourcecode.c.h; path = PayPalReceiverPaymentDetails.h; sourceTree = "<group>"; };
		1814FEA71CEC038B008AA350 /* ProfileVC.h */ = {isa = PBXFileReference; fileEncoding = 4; lastKnownFileType = sourcecode.c.h; path = ProfileVC.h; sourceTree = "<group>"; };
		1814FEA81CEC038B008AA350 /* ProfileVC.m */ = {isa = PBXFileReference; fileEncoding = 4; lastKnownFileType = sourcecode.c.objc; path = ProfileVC.m; sourceTree = "<group>"; };
		185509AB1CCF5075009641D0 /* ServiceRequest.h */ = {isa = PBXFileReference; fileEncoding = 4; lastKnownFileType = sourcecode.c.h; path = ServiceRequest.h; sourceTree = "<group>"; };
		185509AC1CCF5075009641D0 /* ServiceRequest.m */ = {isa = PBXFileReference; fileEncoding = 4; lastKnownFileType = sourcecode.c.objc; path = ServiceRequest.m; sourceTree = "<group>"; };
		185509C31CCF7C36009641D0 /* CoreLocation.framework */ = {isa = PBXFileReference; lastKnownFileType = wrapper.framework; name = CoreLocation.framework; path = System/Library/Frameworks/CoreLocation.framework; sourceTree = SDKROOT; };
		185509C51CCF7C3C009641D0 /* MapKit.framework */ = {isa = PBXFileReference; lastKnownFileType = wrapper.framework; name = MapKit.framework; path = System/Library/Frameworks/MapKit.framework; sourceTree = SDKROOT; };
		185509C71CCF7E73009641D0 /* GoogleService-Info.plist */ = {isa = PBXFileReference; fileEncoding = 4; lastKnownFileType = text.plist.xml; path = "GoogleService-Info.plist"; sourceTree = "<group>"; };
		186221871CCDF57200B1845C /* Styler.app */ = {isa = PBXFileReference; explicitFileType = wrapper.application; includeInIndex = 0; path = Styler.app; sourceTree = BUILT_PRODUCTS_DIR; };
		1862218B1CCDF57300B1845C /* main.m */ = {isa = PBXFileReference; lastKnownFileType = sourcecode.c.objc; path = main.m; sourceTree = "<group>"; };
		1862218D1CCDF57300B1845C /* AppDelegate.h */ = {isa = PBXFileReference; lastKnownFileType = sourcecode.c.h; path = AppDelegate.h; sourceTree = "<group>"; };
		1862218E1CCDF57300B1845C /* AppDelegate.m */ = {isa = PBXFileReference; lastKnownFileType = sourcecode.c.objc; path = AppDelegate.m; sourceTree = "<group>"; };
		186221941CCDF57300B1845C /* Base */ = {isa = PBXFileReference; lastKnownFileType = file.storyboard; name = Base; path = Base.lproj/Main.storyboard; sourceTree = "<group>"; };
		186221961CCDF57300B1845C /* Assets.xcassets */ = {isa = PBXFileReference; lastKnownFileType = folder.assetcatalog; path = Assets.xcassets; sourceTree = "<group>"; };
		186221991CCDF57300B1845C /* Base */ = {isa = PBXFileReference; lastKnownFileType = file.storyboard; name = Base; path = Base.lproj/LaunchScreen.storyboard; sourceTree = "<group>"; };
		1862219B1CCDF57300B1845C /* Info.plist */ = {isa = PBXFileReference; lastKnownFileType = text.plist.xml; path = Info.plist; sourceTree = "<group>"; };
		186221A01CCDF57300B1845C /* StylerTests.xctest */ = {isa = PBXFileReference; explicitFileType = wrapper.cfbundle; includeInIndex = 0; path = StylerTests.xctest; sourceTree = BUILT_PRODUCTS_DIR; };
		186221A41CCDF57300B1845C /* StylerTests.m */ = {isa = PBXFileReference; lastKnownFileType = sourcecode.c.objc; path = StylerTests.m; sourceTree = "<group>"; };
		186221A61CCDF57300B1845C /* Info.plist */ = {isa = PBXFileReference; lastKnownFileType = text.plist.xml; path = Info.plist; sourceTree = "<group>"; };
		186221AB1CCDF57300B1845C /* StylerUITests.xctest */ = {isa = PBXFileReference; explicitFileType = wrapper.cfbundle; includeInIndex = 0; path = StylerUITests.xctest; sourceTree = BUILT_PRODUCTS_DIR; };
		186221AF1CCDF57300B1845C /* StylerUITests.m */ = {isa = PBXFileReference; lastKnownFileType = sourcecode.c.objc; path = StylerUITests.m; sourceTree = "<group>"; };
		186221B11CCDF57300B1845C /* Info.plist */ = {isa = PBXFileReference; lastKnownFileType = text.plist.xml; path = Info.plist; sourceTree = "<group>"; };
		186221C61CCDFC2700B1845C /* SignInVC.h */ = {isa = PBXFileReference; fileEncoding = 4; lastKnownFileType = sourcecode.c.h; path = SignInVC.h; sourceTree = "<group>"; };
		186221C71CCDFC2700B1845C /* SignInVC.m */ = {isa = PBXFileReference; fileEncoding = 4; lastKnownFileType = sourcecode.c.objc; path = SignInVC.m; sourceTree = "<group>"; };
		186221C91CCDFCAF00B1845C /* SignUpVC.h */ = {isa = PBXFileReference; fileEncoding = 4; lastKnownFileType = sourcecode.c.h; path = SignUpVC.h; sourceTree = "<group>"; };
		186221CA1CCDFCAF00B1845C /* SignUpVC.m */ = {isa = PBXFileReference; fileEncoding = 4; lastKnownFileType = sourcecode.c.objc; path = SignUpVC.m; sourceTree = "<group>"; };
		186221CC1CCDFCBE00B1845C /* SignUpVC2.h */ = {isa = PBXFileReference; fileEncoding = 4; lastKnownFileType = sourcecode.c.h; path = SignUpVC2.h; sourceTree = "<group>"; };
		186221CD1CCDFCBE00B1845C /* SignUpVC2.m */ = {isa = PBXFileReference; fileEncoding = 4; lastKnownFileType = sourcecode.c.objc; path = SignUpVC2.m; sourceTree = "<group>"; };
		186221CF1CCDFCD000B1845C /* SignUpVC3.h */ = {isa = PBXFileReference; fileEncoding = 4; lastKnownFileType = sourcecode.c.h; path = SignUpVC3.h; sourceTree = "<group>"; };
		186221D01CCDFCD000B1845C /* SignUpVC3.m */ = {isa = PBXFileReference; fileEncoding = 4; lastKnownFileType = sourcecode.c.objc; path = SignUpVC3.m; sourceTree = "<group>"; };
		187C0C241CE0284000EF780E /* QuartzCore.framework */ = {isa = PBXFileReference; lastKnownFileType = wrapper.framework; name = QuartzCore.framework; path = System/Library/Frameworks/QuartzCore.framework; sourceTree = SDKROOT; };
		187F60BB1CDB41AC007230AC /* StylerVC.h */ = {isa = PBXFileReference; fileEncoding = 4; lastKnownFileType = sourcecode.c.h; path = StylerVC.h; sourceTree = "<group>"; };
		187F60BC1CDB41AC007230AC /* StylerVC.m */ = {isa = PBXFileReference; fileEncoding = 4; lastKnownFileType = sourcecode.c.objc; path = StylerVC.m; sourceTree = "<group>"; };
		187F60E61CDB4F0E007230AC /* ImplementationVC.h */ = {isa = PBXFileReference; fileEncoding = 4; lastKnownFileType = sourcecode.c.h; path = ImplementationVC.h; sourceTree = "<group>"; };
		187F60E71CDB4F0E007230AC /* ImplementationVC.m */ = {isa = PBXFileReference; fileEncoding = 4; lastKnownFileType = sourcecode.c.objc; path = ImplementationVC.m; sourceTree = "<group>"; };
		188ABF021CEB0836008C4C5B /* libz.1.dylib */ = {isa = PBXFileReference; lastKnownFileType = "compiled.mach-o.dylib"; name = libz.1.dylib; path = ../../../../../usr/lib/libz.1.dylib; sourceTree = "<group>"; };
		188ABF041CEB0870008C4C5B /* libxml2.2.dylib */ = {isa = PBXFileReference; lastKnownFileType = "compiled.mach-o.dylib"; name = libxml2.2.dylib; path = ../../../../../usr/lib/libxml2.2.dylib; sourceTree = "<group>"; };
		188ABF081CEB0941008C4C5B /* Security.framework */ = {isa = PBXFileReference; lastKnownFileType = wrapper.framework; name = Security.framework; path = System/Library/Frameworks/Security.framework; sourceTree = SDKROOT; };
		188ABF0A1CEB094B008C4C5B /* AddressBook.framework */ = {isa = PBXFileReference; lastKnownFileType = wrapper.framework; name = AddressBook.framework; path = System/Library/Frameworks/AddressBook.framework; sourceTree = SDKROOT; };
		188ABF0C1CEB0951008C4C5B /* CoreGraphics.framework */ = {isa = PBXFileReference; lastKnownFileType = wrapper.framework; name = CoreGraphics.framework; path = System/Library/Frameworks/CoreGraphics.framework; sourceTree = SDKROOT; };
		188ABF0E1CEB0964008C4C5B /* Foundation.framework */ = {isa = PBXFileReference; lastKnownFileType = wrapper.framework; name = Foundation.framework; path = System/Library/Frameworks/Foundation.framework; sourceTree = SDKROOT; };
		188ABF101CEB096B008C4C5B /* UIKit.framework */ = {isa = PBXFileReference; lastKnownFileType = wrapper.framework; name = UIKit.framework; path = System/Library/Frameworks/UIKit.framework; sourceTree = SDKROOT; };
		188ABF121CEB097B008C4C5B /* SystemConfiguration.framework */ = {isa = PBXFileReference; lastKnownFileType = wrapper.framework; name = SystemConfiguration.framework; path = System/Library/Frameworks/SystemConfiguration.framework; sourceTree = SDKROOT; };
		188ABF141CEB09FC008C4C5B /* libPayPalMPL.a */ = {isa = PBXFileReference; lastKnownFileType = archive.ar; path = libPayPalMPL.a; sourceTree = "<group>"; };
		188AC5CC1CD0A0FF00171D28 /* SignUpVC4.h */ = {isa = PBXFileReference; fileEncoding = 4; lastKnownFileType = sourcecode.c.h; path = SignUpVC4.h; sourceTree = "<group>"; };
		188AC5CD1CD0A0FF00171D28 /* SignUpVC4.m */ = {isa = PBXFileReference; fileEncoding = 4; lastKnownFileType = sourcecode.c.objc; path = SignUpVC4.m; sourceTree = "<group>"; };
		188C28C41CEC99FD008ABBCE /* SWRevealViewController.h */ = {isa = PBXFileReference; fileEncoding = 4; lastKnownFileType = sourcecode.c.h; path = SWRevealViewController.h; sourceTree = "<group>"; };
		188C28C51CEC99FD008ABBCE /* SWRevealViewController.m */ = {isa = PBXFileReference; fileEncoding = 4; lastKnownFileType = sourcecode.c.objc; path = SWRevealViewController.m; sourceTree = "<group>"; };
		188C28C71CEC9B88008ABBCE /* SPGooglePlacesAutocompletePlace.h */ = {isa = PBXFileReference; fileEncoding = 4; lastKnownFileType = sourcecode.c.h; path = SPGooglePlacesAutocompletePlace.h; sourceTree = "<group>"; };
		188C28C81CEC9B88008ABBCE /* SPGooglePlacesAutocompletePlace.m */ = {isa = PBXFileReference; fileEncoding = 4; lastKnownFileType = sourcecode.c.objc; path = SPGooglePlacesAutocompletePlace.m; sourceTree = "<group>"; };
		188C28C91CEC9B88008ABBCE /* SPGooglePlacesAutocompleteQuery.h */ = {isa = PBXFileReference; fileEncoding = 4; lastKnownFileType = sourcecode.c.h; path = SPGooglePlacesAutocompleteQuery.h; sourceTree = "<group>"; };
		188C28CA1CEC9B88008ABBCE /* SPGooglePlacesAutocompleteQuery.m */ = {isa = PBXFileReference; fileEncoding = 4; lastKnownFileType = sourcecode.c.objc; path = SPGooglePlacesAutocompleteQuery.m; sourceTree = "<group>"; };
		188C28CB1CEC9B88008ABBCE /* SPGooglePlacesAutocompleteUtilities.h */ = {isa = PBXFileReference; fileEncoding = 4; lastKnownFileType = sourcecode.c.h; path = SPGooglePlacesAutocompleteUtilities.h; sourceTree = "<group>"; };
		188C28CC1CEC9B88008ABBCE /* SPGooglePlacesAutocompleteUtilities.m */ = {isa = PBXFileReference; fileEncoding = 4; lastKnownFileType = sourcecode.c.objc; path = SPGooglePlacesAutocompleteUtilities.m; sourceTree = "<group>"; };
		188C28CD1CEC9B88008ABBCE /* SPGooglePlacesPlaceDetailQuery.h */ = {isa = PBXFileReference; fileEncoding = 4; lastKnownFileType = sourcecode.c.h; path = SPGooglePlacesPlaceDetailQuery.h; sourceTree = "<group>"; };
		188C28CE1CEC9B88008ABBCE /* SPGooglePlacesPlaceDetailQuery.m */ = {isa = PBXFileReference; fileEncoding = 4; lastKnownFileType = sourcecode.c.objc; path = SPGooglePlacesPlaceDetailQuery.m; sourceTree = "<group>"; };
		1898C75C1CD8A62C00A2A904 /* ConfirmRequest.h */ = {isa = PBXFileReference; fileEncoding = 4; lastKnownFileType = sourcecode.c.h; path = ConfirmRequest.h; sourceTree = "<group>"; };
		1898C75D1CD8A62C00A2A904 /* ConfirmRequest.m */ = {isa = PBXFileReference; fileEncoding = 4; lastKnownFileType = sourcecode.c.objc; path = ConfirmRequest.m; sourceTree = "<group>"; };
		18A8EC631CDD936B009883A3 /* ReceiptVC.h */ = {isa = PBXFileReference; fileEncoding = 4; lastKnownFileType = sourcecode.c.h; path = ReceiptVC.h; sourceTree = "<group>"; };
		18A8EC641CDD936B009883A3 /* ReceiptVC.m */ = {isa = PBXFileReference; fileEncoding = 4; lastKnownFileType = sourcecode.c.objc; path = ReceiptVC.m; sourceTree = "<group>"; };
		18A8EC661CDDA625009883A3 /* ShareServiceVC.h */ = {isa = PBXFileReference; fileEncoding = 4; lastKnownFileType = sourcecode.c.h; path = ShareServiceVC.h; sourceTree = "<group>"; };
		18A8EC671CDDA625009883A3 /* ShareServiceVC.m */ = {isa = PBXFileReference; fileEncoding = 4; lastKnownFileType = sourcecode.c.objc; path = ShareServiceVC.m; sourceTree = "<group>"; };
		18B32C371CD9D36100EF518A /* StylerFindingVC.h */ = {isa = PBXFileReference; fileEncoding = 4; lastKnownFileType = sourcecode.c.h; path = StylerFindingVC.h; sourceTree = "<group>"; };
		18B32C381CD9D36100EF518A /* StylerFindingVC.m */ = {isa = PBXFileReference; fileEncoding = 4; lastKnownFileType = sourcecode.c.objc; path = StylerFindingVC.m; sourceTree = "<group>"; };
		18CEC48A1CD3089C00C943DD /* ServicesVC.h */ = {isa = PBXFileReference; fileEncoding = 4; lastKnownFileType = sourcecode.c.h; path = ServicesVC.h; sourceTree = "<group>"; };
		18CEC48B1CD3089C00C943DD /* ServicesVC.m */ = {isa = PBXFileReference; fileEncoding = 4; lastKnownFileType = sourcecode.c.objc; path = ServicesVC.m; sourceTree = "<group>"; };
		18E0BE6A1CCE73D2007BBFB8 /* FBSDKCoreKit.framework */ = {isa = PBXFileReference; lastKnownFileType = wrapper.framework; name = FBSDKCoreKit.framework; path = "../../../../Downloads/FacebookSDKs-iOS-20160210/FBSDKCoreKit.framework"; sourceTree = "<group>"; };
		18E0BE6B1CCE73D2007BBFB8 /* FBSDKLoginKit.framework */ = {isa = PBXFileReference; lastKnownFileType = wrapper.framework; name = FBSDKLoginKit.framework; path = "../../../../Downloads/FacebookSDKs-iOS-20160210/FBSDKLoginKit.framework"; sourceTree = "<group>"; };
		18E0BE6C1CCE73D2007BBFB8 /* FBSDKShareKit.framework */ = {isa = PBXFileReference; lastKnownFileType = wrapper.framework; name = FBSDKShareKit.framework; path = "../../../../Downloads/FacebookSDKs-iOS-20160210/FBSDKShareKit.framework"; sourceTree = "<group>"; };
		18E384B81CD1CBDB00A11DDD /* MenuVC.h */ = {isa = PBXFileReference; fileEncoding = 4; lastKnownFileType = sourcecode.c.h; path = MenuVC.h; sourceTree = "<group>"; };
		18E384B91CD1CBDB00A11DDD /* MenuVC.m */ = {isa = PBXFileReference; fileEncoding = 4; lastKnownFileType = sourcecode.c.objc; path = MenuVC.m; sourceTree = "<group>"; };
		18FA961C1CEC7E18001773C4 /* anonymous.jpg */ = {isa = PBXFileReference; lastKnownFileType = image.jpeg; path = anonymous.jpg; sourceTree = "<group>"; };
		18FA961D1CEC7E18001773C4 /* back.png */ = {isa = PBXFileReference; lastKnownFileType = image.png; path = back.png; sourceTree = "<group>"; };
		18FA961E1CEC7E18001773C4 /* call.png */ = {isa = PBXFileReference; lastKnownFileType = image.png; path = call.png; sourceTree = "<group>"; };
		18FA961F1CEC7E18001773C4 /* camera.png */ = {isa = PBXFileReference; lastKnownFileType = image.png; path = camera.png; sourceTree = "<group>"; };
		18FA96201CEC7E18001773C4 /* car.png */ = {isa = PBXFileReference; lastKnownFileType = image.png; path = car.png; sourceTree = "<group>"; };
		18FA96211CEC7E18001773C4 /* circle.png */ = {isa = PBXFileReference; lastKnownFileType = image.png; path = circle.png; sourceTree = "<group>"; };
		18FA96221CEC7E18001773C4 /* currentposition.png */ = {isa = PBXFileReference; lastKnownFileType = image.png; path = currentposition.png; sourceTree = "<group>"; };
		18FA96231CEC7E18001773C4 /* email.png */ = {isa = PBXFileReference; lastKnownFileType = image.png; path = email.png; sourceTree = "<group>"; };
		18FA96241CEC7E18001773C4 /* facebook.png */ = {isa = PBXFileReference; lastKnownFileType = image.png; path = facebook.png; sourceTree = "<group>"; };
		18FA96251CEC7E18001773C4 /* facebook2.png */ = {isa = PBXFileReference; lastKnownFileType = image.png; path = facebook2.png; sourceTree = "<group>"; };
		18FA96261CEC7E18001773C4 /* gmail.png */ = {isa = PBXFileReference; lastKnownFileType = image.png; path = gmail.png; sourceTree = "<group>"; };
		18FA96271CEC7E18001773C4 /* googleplus.png */ = {isa = PBXFileReference; lastKnownFileType = image.png; path = googleplus.png; sourceTree = "<group>"; };
		18FA96281CEC7E18001773C4 /* history.png */ = {isa = PBXFileReference; lastKnownFileType = image.png; path = history.png; sourceTree = "<group>"; };
		18FA96291CEC7E18001773C4 /* home.png */ = {isa = PBXFileReference; lastKnownFileType = image.png; path = home.png; sourceTree = "<group>"; };
		18FA962A1CEC7E18001773C4 /* movedown.png */ = {isa = PBXFileReference; lastKnownFileType = image.png; path = movedown.png; sourceTree = "<group>"; };
		18FA962B1CEC7E18001773C4 /* moveup.png */ = {isa = PBXFileReference; lastKnownFileType = image.png; path = moveup.png; sourceTree = "<group>"; };
		18FA962C1CEC7E18001773C4 /* nail.png */ = {isa = PBXFileReference; lastKnownFileType = image.png; path = nail.png; sourceTree = "<group>"; };
		18FA962D1CEC7E18001773C4 /* notifications.png */ = {isa = PBXFileReference; lastKnownFileType = image.png; path = notifications.png; sourceTree = "<group>"; };
		18FA962E1CEC7E18001773C4 /* payment.png */ = {isa = PBXFileReference; lastKnownFileType = image.png; path = payment.png; sourceTree = "<group>"; };
		18FA962F1CEC7E18001773C4 /* popbar.png */ = {isa = PBXFileReference; lastKnownFileType = image.png; path = popbar.png; sourceTree = "<group>"; };
		18FA96301CEC7E18001773C4 /* profile.png */ = {isa = PBXFileReference; lastKnownFileType = image.png; path = profile.png; sourceTree = "<group>"; };
		18FA96311CEC7E18001773C4 /* profileImg.gif */ = {isa = PBXFileReference; lastKnownFileType = image.gif; path = profileImg.gif; sourceTree = "<group>"; };
		18FA96321CEC7E18001773C4 /* promotions.png */ = {isa = PBXFileReference; lastKnownFileType = image.png; path = promotions.png; sourceTree = "<group>"; };
		18FA96331CEC7E18001773C4 /* signin.jpg */ = {isa = PBXFileReference; lastKnownFileType = image.jpeg; path = signin.jpg; sourceTree = "<group>"; };
		18FA96341CEC7E18001773C4 /* signup.jpg */ = {isa = PBXFileReference; lastKnownFileType = image.jpeg; path = signup.jpg; sourceTree = "<group>"; };
		18FA96351CEC7E18001773C4 /* star.png */ = {isa = PBXFileReference; lastKnownFileType = image.png; path = star.png; sourceTree = "<group>"; };
		18FA96361CEC7E18001773C4 /* starno.png */ = {isa = PBXFileReference; lastKnownFileType = image.png; path = starno.png; sourceTree = "<group>"; };
		18FA96371CEC7E18001773C4 /* styler_waiting.png */ = {isa = PBXFileReference; lastKnownFileType = image.png; path = styler_waiting.png; sourceTree = "<group>"; };
		18FA96381CEC7E18001773C4 /* styler0.jpg */ = {isa = PBXFileReference; lastKnownFileType = image.jpeg; path = styler0.jpg; sourceTree = "<group>"; };
		18FA96391CEC7E18001773C4 /* tick */ = {isa = PBXFileReference; lastKnownFileType = file; path = tick; sourceTree = "<group>"; };
		18FA963A1CEC7E18001773C4 /* tick.png */ = {isa = PBXFileReference; lastKnownFileType = image.png; path = tick.png; sourceTree = "<group>"; };
		18FA963B1CEC7E18001773C4 /* toolbar.png */ = {isa = PBXFileReference; lastKnownFileType = image.png; path = toolbar.png; sourceTree = "<group>"; };
		18FA963C1CEC7E18001773C4 /* twitter.png */ = {isa = PBXFileReference; lastKnownFileType = image.png; path = twitter.png; sourceTree = "<group>"; };
		18FA963D1CEC7E18001773C4 /* userwaiting.png */ = {isa = PBXFileReference; lastKnownFileType = image.png; path = userwaiting.png; sourceTree = "<group>"; };
		18FA96601CEC7E5F001773C4 /* tmp-0.png */ = {isa = PBXFileReference; lastKnownFileType = image.png; path = "tmp-0.png"; sourceTree = "<group>"; };
		18FA96611CEC7E5F001773C4 /* tmp-1.png */ = {isa = PBXFileReference; lastKnownFileType = image.png; path = "tmp-1.png"; sourceTree = "<group>"; };
		18FA96621CEC7E5F001773C4 /* tmp-2.png */ = {isa = PBXFileReference; lastKnownFileType = image.png; path = "tmp-2.png"; sourceTree = "<group>"; };
		18FA96631CEC7E5F001773C4 /* tmp-3.png */ = {isa = PBXFileReference; lastKnownFileType = image.png; path = "tmp-3.png"; sourceTree = "<group>"; };
		18FA96641CEC7E5F001773C4 /* tmp-4.png */ = {isa = PBXFileReference; lastKnownFileType = image.png; path = "tmp-4.png"; sourceTree = "<group>"; };
		18FA96651CEC7E5F001773C4 /* tmp-5.png */ = {isa = PBXFileReference; lastKnownFileType = image.png; path = "tmp-5.png"; sourceTree = "<group>"; };
		18FA96661CEC7E5F001773C4 /* tmp-6.png */ = {isa = PBXFileReference; lastKnownFileType = image.png; path = "tmp-6.png"; sourceTree = "<group>"; };
		18FA96671CEC7E5F001773C4 /* tmp-7.png */ = {isa = PBXFileReference; lastKnownFileType = image.png; path = "tmp-7.png"; sourceTree = "<group>"; };
		18FA96681CEC7E5F001773C4 /* tmp-8.png */ = {isa = PBXFileReference; lastKnownFileType = image.png; path = "tmp-8.png"; sourceTree = "<group>"; };
		18FA96691CEC7E5F001773C4 /* tmp-9.png */ = {isa = PBXFileReference; lastKnownFileType = image.png; path = "tmp-9.png"; sourceTree = "<group>"; };
		18FA966A1CEC7E5F001773C4 /* tmp-10.png */ = {isa = PBXFileReference; lastKnownFileType = image.png; path = "tmp-10.png"; sourceTree = "<group>"; };
		18FA966B1CEC7E5F001773C4 /* tmp-11.png */ = {isa = PBXFileReference; lastKnownFileType = image.png; path = "tmp-11.png"; sourceTree = "<group>"; };
		18FA966C1CEC7E5F001773C4 /* tmp-12.png */ = {isa = PBXFileReference; lastKnownFileType = image.png; path = "tmp-12.png"; sourceTree = "<group>"; };
		18FA966D1CEC7E5F001773C4 /* tmp-13.png */ = {isa = PBXFileReference; lastKnownFileType = image.png; path = "tmp-13.png"; sourceTree = "<group>"; };
		18FA966E1CEC7E5F001773C4 /* tmp-14.png */ = {isa = PBXFileReference; lastKnownFileType = image.png; path = "tmp-14.png"; sourceTree = "<group>"; };
		18FA966F1CEC7E5F001773C4 /* tmp-15.png */ = {isa = PBXFileReference; lastKnownFileType = image.png; path = "tmp-15.png"; sourceTree = "<group>"; };
		18FA96701CEC7E5F001773C4 /* tmp-16.png */ = {isa = PBXFileReference; lastKnownFileType = image.png; path = "tmp-16.png"; sourceTree = "<group>"; };
		18FA96711CEC7E5F001773C4 /* tmp-17.png */ = {isa = PBXFileReference; lastKnownFileType = image.png; path = "tmp-17.png"; sourceTree = "<group>"; };
		18FA96721CEC7E5F001773C4 /* tmp-18.png */ = {isa = PBXFileReference; lastKnownFileType = image.png; path = "tmp-18.png"; sourceTree = "<group>"; };
		18FA96861CEC7ED9001773C4 /* 0menuBg.png */ = {isa = PBXFileReference; lastKnownFileType = image.png; path = 0menuBg.png; sourceTree = "<group>"; };
		18FA96871CEC7ED9001773C4 /* 1mainBg.jpg */ = {isa = PBXFileReference; lastKnownFileType = image.jpeg; path = 1mainBg.jpg; sourceTree = "<group>"; };
		18FA96881CEC7ED9001773C4 /* 1shadeMainBg.jpg */ = {isa = PBXFileReference; lastKnownFileType = image.jpeg; path = 1shadeMainBg.jpg; sourceTree = "<group>"; };
		18FA96891CEC7ED9001773C4 /* 2signinupBg.jpg */ = {isa = PBXFileReference; lastKnownFileType = image.jpeg; path = 2signinupBg.jpg; sourceTree = "<group>"; };
		18FA968A1CEC7ED9001773C4 /* 3confirmRequestBg.png */ = {isa = PBXFileReference; lastKnownFileType = image.png; path = 3confirmRequestBg.png; sourceTree = "<group>"; };
		18FA968B1CEC7ED9001773C4 /* blackbg.png */ = {isa = PBXFileReference; lastKnownFileType = image.png; path = blackbg.png; sourceTree = "<group>"; };
		18FA968C1CEC7ED9001773C4 /* map.jpg */ = {isa = PBXFileReference; lastKnownFileType = image.jpeg; path = map.jpg; sourceTree = "<group>"; };
		18FA968D1CEC7ED9001773C4 /* trang1.jpg */ = {isa = PBXFileReference; lastKnownFileType = image.jpeg; path = trang1.jpg; sourceTree = "<group>"; };
		18FA96961CEC7F7B001773C4 /* hair.png */ = {isa = PBXFileReference; lastKnownFileType = image.png; path = hair.png; sourceTree = "<group>"; };
		18FA96CA1CEC9204001773C4 /* CheckLoginFacebook.h */ = {isa = PBXFileReference; fileEncoding = 4; lastKnownFileType = sourcecode.c.h; path = CheckLoginFacebook.h; sourceTree = "<group>"; };
		18FA96CB1CEC9204001773C4 /* CheckLoginFacebook.m */ = {isa = PBXFileReference; fileEncoding = 4; lastKnownFileType = sourcecode.c.objc; path = CheckLoginFacebook.m; sourceTree = "<group>"; };
		18FA96CC1CEC9204001773C4 /* CreateLink.h */ = {isa = PBXFileReference; fileEncoding = 4; lastKnownFileType = sourcecode.c.h; path = CreateLink.h; sourceTree = "<group>"; };
		18FA96CD1CEC9204001773C4 /* CreateLink.m */ = {isa = PBXFileReference; fileEncoding = 4; lastKnownFileType = sourcecode.c.objc; path = CreateLink.m; sourceTree = "<group>"; };
		18FA96CE1CEC9204001773C4 /* EncodeString.h */ = {isa = PBXFileReference; fileEncoding = 4; lastKnownFileType = sourcecode.c.h; path = EncodeString.h; sourceTree = "<group>"; };
		18FA96CF1CEC9204001773C4 /* EncodeString.m */ = {isa = PBXFileReference; fileEncoding = 4; lastKnownFileType = sourcecode.c.objc; path = EncodeString.m; sourceTree = "<group>"; };
		18FA96D01CEC9204001773C4 /* GetIdProduct.h */ = {isa = PBXFileReference; fileEncoding = 4; lastKnownFileType = sourcecode.c.h; path = GetIdProduct.h; sourceTree = "<group>"; };
		18FA96D11CEC9204001773C4 /* GetIdProduct.m */ = {isa = PBXFileReference; fileEncoding = 4; lastKnownFileType = sourcecode.c.objc; path = GetIdProduct.m; sourceTree = "<group>"; };
		18FA96D21CEC9204001773C4 /* IOSRequest.h */ = {isa = PBXFileReference; fileEncoding = 4; lastKnownFileType = sourcecode.c.h; path = IOSRequest.h; sourceTree = "<group>"; };
		18FA96D31CEC9204001773C4 /* IOSRequest.m */ = {isa = PBXFileReference; fileEncoding = 4; lastKnownFileType = sourcecode.c.objc; path = IOSRequest.m; sourceTree = "<group>"; };
		18FA96D41CEC9204001773C4 /* LoadView.h */ = {isa = PBXFileReference; fileEncoding = 4; lastKnownFileType = sourcecode.c.h; path = LoadView.h; sourceTree = "<group>"; };
		18FA96D51CEC9204001773C4 /* LoadView.m */ = {isa = PBXFileReference; fileEncoding = 4; lastKnownFileType = sourcecode.c.objc; path = LoadView.m; sourceTree = "<group>"; };
		18FA96D61CEC9204001773C4 /* LoginFacebook.h */ = {isa = PBXFileReference; fileEncoding = 4; lastKnownFileType = sourcecode.c.h; path = LoginFacebook.h; sourceTree = "<group>"; };
		18FA96D71CEC9204001773C4 /* LoginFacebook.m */ = {isa = PBXFileReference; fileEncoding = 4; lastKnownFileType = sourcecode.c.objc; path = LoginFacebook.m; sourceTree = "<group>"; };
		18FA96D81CEC9204001773C4 /* NSString+EmailValidation.h */ = {isa = PBXFileReference; fileEncoding = 4; lastKnownFileType = sourcecode.c.h; path = "NSString+EmailValidation.h"; sourceTree = "<group>"; };
		18FA96D91CEC9204001773C4 /* NSString+EmailValidation.m */ = {isa = PBXFileReference; fileEncoding = 4; lastKnownFileType = sourcecode.c.objc; path = "NSString+EmailValidation.m"; sourceTree = "<group>"; };
		18FA96DA1CEC9204001773C4 /* OnEmailLogin.h */ = {isa = PBXFileReference; fileEncoding = 4; lastKnownFileType = sourcecode.c.h; path = OnEmailLogin.h; sourceTree = "<group>"; };
		18FA96DB1CEC9204001773C4 /* OnEmailLogin.m */ = {isa = PBXFileReference; fileEncoding = 4; lastKnownFileType = sourcecode.c.objc; path = OnEmailLogin.m; sourceTree = "<group>"; };
		18FA96DC1CEC9204001773C4 /* OnLoginFacebook.h */ = {isa = PBXFileReference; fileEncoding = 4; lastKnownFileType = sourcecode.c.h; path = OnLoginFacebook.h; sourceTree = "<group>"; };
		18FA96DD1CEC9204001773C4 /* OnLoginFacebook.m */ = {isa = PBXFileReference; fileEncoding = 4; lastKnownFileType = sourcecode.c.objc; path = OnLoginFacebook.m; sourceTree = "<group>"; };
		18FA96DE1CEC9204001773C4 /* PushView.h */ = {isa = PBXFileReference; fileEncoding = 4; lastKnownFileType = sourcecode.c.h; path = PushView.h; sourceTree = "<group>"; };
		18FA96DF1CEC9204001773C4 /* PushView.m */ = {isa = PBXFileReference; fileEncoding = 4; lastKnownFileType = sourcecode.c.objc; path = PushView.m; sourceTree = "<group>"; };
		18FA96E01CEC9204001773C4 /* RateView.h */ = {isa = PBXFileReference; fileEncoding = 4; lastKnownFileType = sourcecode.c.h; path = RateView.h; sourceTree = "<group>"; };
		18FA96E11CEC9204001773C4 /* RateView.m */ = {isa = PBXFileReference; fileEncoding = 4; lastKnownFileType = sourcecode.c.objc; path = RateView.m; sourceTree = "<group>"; };
		18FA96E21CEC9204001773C4 /* SetViewMoveUp.h */ = {isa = PBXFileReference; fileEncoding = 4; lastKnownFileType = sourcecode.c.h; path = SetViewMoveUp.h; sourceTree = "<group>"; };
		18FA96E31CEC9204001773C4 /* SetViewMoveUp.m */ = {isa = PBXFileReference; fileEncoding = 4; lastKnownFileType = sourcecode.c.objc; path = SetViewMoveUp.m; sourceTree = "<group>"; };
		18FA96E41CEC9204001773C4 /* ShowActivityIndicatorView.h */ = {isa = PBXFileReference; fileEncoding = 4; lastKnownFileType = sourcecode.c.h; path = ShowActivityIndicatorView.h; sourceTree = "<group>"; };
		18FA96E51CEC9204001773C4 /* ShowActivityIndicatorView.m */ = {isa = PBXFileReference; fileEncoding = 4; lastKnownFileType = sourcecode.c.objc; path = ShowActivityIndicatorView.m; sourceTree = "<group>"; };
		18FA96E61CEC9204001773C4 /* ShowAlertView.h */ = {isa = PBXFileReference; fileEncoding = 4; lastKnownFileType = sourcecode.c.h; path = ShowAlertView.h; sourceTree = "<group>"; };
		18FA96E71CEC9204001773C4 /* ShowAlertView.m */ = {isa = PBXFileReference; fileEncoding = 4; lastKnownFileType = sourcecode.c.objc; path = ShowAlertView.m; sourceTree = "<group>"; };
		18FA96E81CEC9204001773C4 /* TableViewCell.h */ = {isa = PBXFileReference; fileEncoding = 4; lastKnownFileType = sourcecode.c.h; path = TableViewCell.h; sourceTree = "<group>"; };
		18FA96E91CEC9204001773C4 /* TableViewCell.m */ = {isa = PBXFileReference; fileEncoding = 4; lastKnownFileType = sourcecode.c.objc; path = TableViewCell.m; sourceTree = "<group>"; };
		18FA96EA1CEC9204001773C4 /* UpdateNotification.h */ = {isa = PBXFileReference; fileEncoding = 4; lastKnownFileType = sourcecode.c.h; path = UpdateNotification.h; sourceTree = "<group>"; };
		18FA96EB1CEC9204001773C4 /* UpdateNotification.m */ = {isa = PBXFileReference; fileEncoding = 4; lastKnownFileType = sourcecode.c.objc; path = UpdateNotification.m; sourceTree = "<group>"; };
		18FA96EC1CEC9204001773C4 /* UpdateUserData.h */ = {isa = PBXFileReference; fileEncoding = 4; lastKnownFileType = sourcecode.c.h; path = UpdateUserData.h; sourceTree = "<group>"; };
		18FA96ED1CEC9204001773C4 /* UpdateUserData.m */ = {isa = PBXFileReference; fileEncoding = 4; lastKnownFileType = sourcecode.c.objc; path = UpdateUserData.m; sourceTree = "<group>"; };
		18FA97291CEC9744001773C4 /* MKNumberBadgeView.h */ = {isa = PBXFileReference; fileEncoding = 4; lastKnownFileType = sourcecode.c.h; path = MKNumberBadgeView.h; sourceTree = "<group>"; };
		18FA972A1CEC9744001773C4 /* MKNumberBadgeView.m */ = {isa = PBXFileReference; fileEncoding = 4; lastKnownFileType = sourcecode.c.objc; path = MKNumberBadgeView.m; sourceTree = "<group>"; };
		18FF04951CE9B1B9006B74F5 /* NotificationVC.h */ = {isa = PBXFileReference; fileEncoding = 4; lastKnownFileType = sourcecode.c.h; path = NotificationVC.h; sourceTree = "<group>"; };
		18FF04961CE9B1B9006B74F5 /* NotificationVC.m */ = {isa = PBXFileReference; fileEncoding = 4; lastKnownFileType = sourcecode.c.objc; path = NotificationVC.m; sourceTree = "<group>"; };
		96499342BA2FA500CC544ABC /* libPods.a */ = {isa = PBXFileReference; explicitFileType = archive.ar; includeInIndex = 0; path = libPods.a; sourceTree = BUILT_PRODUCTS_DIR; };
		9F85793524B11241E02C0BD1 /* Pods.release.xcconfig */ = {isa = PBXFileReference; includeInIndex = 1; lastKnownFileType = text.xcconfig; name = Pods.release.xcconfig; path = "Pods/Target Support Files/Pods/Pods.release.xcconfig"; sourceTree = "<group>"; };
/* End PBXFileReference section */

/* Begin PBXFrameworksBuildPhase section */
		186221841CCDF57200B1845C /* Frameworks */ = {
			isa = PBXFrameworksBuildPhase;
			buildActionMask = 2147483647;
			files = (
				188ABF131CEB097B008C4C5B /* SystemConfiguration.framework in Frameworks */,
				188ABF111CEB096B008C4C5B /* UIKit.framework in Frameworks */,
				188ABF0F1CEB0964008C4C5B /* Foundation.framework in Frameworks */,
				188ABF0D1CEB0951008C4C5B /* CoreGraphics.framework in Frameworks */,
				188ABF151CEB09FC008C4C5B /* libPayPalMPL.a in Frameworks */,
				188ABF0B1CEB094B008C4C5B /* AddressBook.framework in Frameworks */,
				188ABF091CEB0941008C4C5B /* Security.framework in Frameworks */,
				188ABF051CEB0870008C4C5B /* libxml2.2.dylib in Frameworks */,
				188ABF031CEB0836008C4C5B /* libz.1.dylib in Frameworks */,
				187C0C251CE0284000EF780E /* QuartzCore.framework in Frameworks */,
				185509C61CCF7C3C009641D0 /* MapKit.framework in Frameworks */,
				185509C41CCF7C36009641D0 /* CoreLocation.framework in Frameworks */,
				18E0BE6E1CCE73D2007BBFB8 /* FBSDKLoginKit.framework in Frameworks */,
				18E0BE6D1CCE73D2007BBFB8 /* FBSDKCoreKit.framework in Frameworks */,
				18E0BE6F1CCE73D2007BBFB8 /* FBSDKShareKit.framework in Frameworks */,
				785BBE7C340ED603E16A2DAA /* libPods.a in Frameworks */,
			);
			runOnlyForDeploymentPostprocessing = 0;
		};
		1862219D1CCDF57300B1845C /* Frameworks */ = {
			isa = PBXFrameworksBuildPhase;
			buildActionMask = 2147483647;
			files = (
				188ABF161CEB09FC008C4C5B /* libPayPalMPL.a in Frameworks */,
			);
			runOnlyForDeploymentPostprocessing = 0;
		};
		186221A81CCDF57300B1845C /* Frameworks */ = {
			isa = PBXFrameworksBuildPhase;
			buildActionMask = 2147483647;
			files = (
				188ABF171CEB09FC008C4C5B /* libPayPalMPL.a in Frameworks */,
			);
			runOnlyForDeploymentPostprocessing = 0;
		};
/* End PBXFrameworksBuildPhase section */

/* Begin PBXGroup section */
		1814457F1CEB0C7300F89E06 /* Paypal */ = {
			isa = PBXGroup;
			children = (
				181445801CEB0C8900F89E06 /* PayPal.h */,
				181445811CEB0C8900F89E06 /* PayPalAddress.h */,
				181445821CEB0C8900F89E06 /* PayPalAdvancedPayment.h */,
				181445831CEB0C8900F89E06 /* PayPalAmounts.h */,
				181445841CEB0C8900F89E06 /* PayPalInvoiceData.h */,
				181445851CEB0C8900F89E06 /* PayPalInvoiceItem.h */,
				181445861CEB0C8900F89E06 /* PayPalPayment.h */,
				181445871CEB0C8900F89E06 /* PayPalPreapprovalDetails.h */,
				181445881CEB0C8900F89E06 /* PayPalReceiverAmounts.h */,
				188ABF141CEB09FC008C4C5B /* libPayPalMPL.a */,
				181445891CEB0C8900F89E06 /* PayPalReceiverPaymentDetails.h */,
			);
			name = Paypal;
			sourceTree = "<group>";
		};
		185509AA1CCF5059009641D0 /* Service Request */ = {
			isa = PBXGroup;
			children = (
				185509AB1CCF5075009641D0 /* ServiceRequest.h */,
				185509AC1CCF5075009641D0 /* ServiceRequest.m */,
				18E384B81CD1CBDB00A11DDD /* MenuVC.h */,
				18E384B91CD1CBDB00A11DDD /* MenuVC.m */,
				18CEC48A1CD3089C00C943DD /* ServicesVC.h */,
				18CEC48B1CD3089C00C943DD /* ServicesVC.m */,
				1898C75C1CD8A62C00A2A904 /* ConfirmRequest.h */,
				1898C75D1CD8A62C00A2A904 /* ConfirmRequest.m */,
				18B32C371CD9D36100EF518A /* StylerFindingVC.h */,
				18B32C381CD9D36100EF518A /* StylerFindingVC.m */,
			);
			name = "Service Request";
			sourceTree = "<group>";
		};
		1862217E1CCDF57200B1845C = {
			isa = PBXGroup;
			children = (
				186221891CCDF57300B1845C /* Styler */,
				186221A31CCDF57300B1845C /* StylerTests */,
				186221AE1CCDF57300B1845C /* StylerUITests */,
				186221881CCDF57200B1845C /* Products */,
				963EC05AE5D9ED0050FD8270 /* Pods */,
				DEA4DA63CFB81281ACCD6219 /* Frameworks */,
			);
			sourceTree = "<group>";
		};
		186221881CCDF57200B1845C /* Products */ = {
			isa = PBXGroup;
			children = (
				186221871CCDF57200B1845C /* Styler.app */,
				186221A01CCDF57300B1845C /* StylerTests.xctest */,
				186221AB1CCDF57300B1845C /* StylerUITests.xctest */,
			);
			name = Products;
			sourceTree = "<group>";
		};
		186221891CCDF57300B1845C /* Styler */ = {
			isa = PBXGroup;
			children = (
				1862218D1CCDF57300B1845C /* AppDelegate.h */,
				1862218E1CCDF57300B1845C /* AppDelegate.m */,
				186221931CCDF57300B1845C /* Main.storyboard */,
				186221961CCDF57300B1845C /* Assets.xcassets */,
				186221981CCDF57300B1845C /* LaunchScreen.storyboard */,
				187F60E51CDB4EF6007230AC /* Implementation */,
				187F60B71CDB40EF007230AC /* OtherVCs */,
				185509AA1CCF5059009641D0 /* Service Request */,
				186221C51CCDF74400B1845C /* SignInUp */,
				1862218A1CCDF57300B1845C /* Supporting Files */,
			);
			path = Styler;
			sourceTree = "<group>";
		};
		1862218A1CCDF57300B1845C /* Supporting Files */ = {
			isa = PBXGroup;
			children = (
				18FA96C91CEC9120001773C4 /* Support */,
				18D7E19F1CD273330000F236 /* SPGooglePlacesAutoComplete */,
				18E0BE691CCE73AF007BBFB8 /* FrameWork */,
				1862219B1CCDF57300B1845C /* Info.plist */,
				185509C71CCF7E73009641D0 /* GoogleService-Info.plist */,
				18E0BE701CCE859D007BBFB8 /* Photo_Icon */,
				18E0BEB11CCE85E0007BBFB8 /* Photo_Bg */,
				1862218B1CCDF57300B1845C /* main.m */,
			);
			name = "Supporting Files";
			sourceTree = "<group>";
		};
		186221A31CCDF57300B1845C /* StylerTests */ = {
			isa = PBXGroup;
			children = (
				186221A41CCDF57300B1845C /* StylerTests.m */,
				186221A61CCDF57300B1845C /* Info.plist */,
			);
			path = StylerTests;
			sourceTree = "<group>";
		};
		186221AE1CCDF57300B1845C /* StylerUITests */ = {
			isa = PBXGroup;
			children = (
				186221AF1CCDF57300B1845C /* StylerUITests.m */,
				186221B11CCDF57300B1845C /* Info.plist */,
			);
			path = StylerUITests;
			sourceTree = "<group>";
		};
		186221C51CCDF74400B1845C /* SignInUp */ = {
			isa = PBXGroup;
			children = (
				186221C61CCDFC2700B1845C /* SignInVC.h */,
				186221C71CCDFC2700B1845C /* SignInVC.m */,
				186221C91CCDFCAF00B1845C /* SignUpVC.h */,
				186221CA1CCDFCAF00B1845C /* SignUpVC.m */,
				186221CC1CCDFCBE00B1845C /* SignUpVC2.h */,
				186221CD1CCDFCBE00B1845C /* SignUpVC2.m */,
				186221CF1CCDFCD000B1845C /* SignUpVC3.h */,
				186221D01CCDFCD000B1845C /* SignUpVC3.m */,
				188AC5CC1CD0A0FF00171D28 /* SignUpVC4.h */,
				188AC5CD1CD0A0FF00171D28 /* SignUpVC4.m */,
			);
			name = SignInUp;
			sourceTree = "<group>";
		};
		187F60B71CDB40EF007230AC /* OtherVCs */ = {
			isa = PBXGroup;
			children = (
				187F60BB1CDB41AC007230AC /* StylerVC.h */,
				187F60BC1CDB41AC007230AC /* StylerVC.m */,
				18FF04951CE9B1B9006B74F5 /* NotificationVC.h */,
				18FF04961CE9B1B9006B74F5 /* NotificationVC.m */,
				1814FEA71CEC038B008AA350 /* ProfileVC.h */,
				1814FEA81CEC038B008AA350 /* ProfileVC.m */,
			);
			name = OtherVCs;
			sourceTree = "<group>";
		};
		187F60BE1CDB4D2C007230AC /* Loading */ = {
			isa = PBXGroup;
			children = (
				18FA96601CEC7E5F001773C4 /* tmp-0.png */,
				18FA96611CEC7E5F001773C4 /* tmp-1.png */,
				18FA96621CEC7E5F001773C4 /* tmp-2.png */,
				18FA96631CEC7E5F001773C4 /* tmp-3.png */,
				18FA96641CEC7E5F001773C4 /* tmp-4.png */,
				18FA96651CEC7E5F001773C4 /* tmp-5.png */,
				18FA96661CEC7E5F001773C4 /* tmp-6.png */,
				18FA96671CEC7E5F001773C4 /* tmp-7.png */,
				18FA96681CEC7E5F001773C4 /* tmp-8.png */,
				18FA96691CEC7E5F001773C4 /* tmp-9.png */,
				18FA966A1CEC7E5F001773C4 /* tmp-10.png */,
				18FA966B1CEC7E5F001773C4 /* tmp-11.png */,
				18FA966C1CEC7E5F001773C4 /* tmp-12.png */,
				18FA966D1CEC7E5F001773C4 /* tmp-13.png */,
				18FA966E1CEC7E5F001773C4 /* tmp-14.png */,
				18FA966F1CEC7E5F001773C4 /* tmp-15.png */,
				18FA96701CEC7E5F001773C4 /* tmp-16.png */,
				18FA96711CEC7E5F001773C4 /* tmp-17.png */,
				18FA96721CEC7E5F001773C4 /* tmp-18.png */,
			);
			name = Loading;
			sourceTree = "<group>";
		};
		187F60E51CDB4EF6007230AC /* Implementation */ = {
			isa = PBXGroup;
			children = (
				187F60E61CDB4F0E007230AC /* ImplementationVC.h */,
				187F60E71CDB4F0E007230AC /* ImplementationVC.m */,
				18A8EC631CDD936B009883A3 /* ReceiptVC.h */,
				18A8EC641CDD936B009883A3 /* ReceiptVC.m */,
				18A8EC661CDDA625009883A3 /* ShareServiceVC.h */,
				18A8EC671CDDA625009883A3 /* ShareServiceVC.m */,
			);
			name = Implementation;
			sourceTree = "<group>";
		};
		18D7E19F1CD273330000F236 /* SPGooglePlacesAutoComplete */ = {
			isa = PBXGroup;
			children = (
				188C28C71CEC9B88008ABBCE /* SPGooglePlacesAutocompletePlace.h */,
				188C28C81CEC9B88008ABBCE /* SPGooglePlacesAutocompletePlace.m */,
				188C28C91CEC9B88008ABBCE /* SPGooglePlacesAutocompleteQuery.h */,
				188C28CA1CEC9B88008ABBCE /* SPGooglePlacesAutocompleteQuery.m */,
				188C28CB1CEC9B88008ABBCE /* SPGooglePlacesAutocompleteUtilities.h */,
				188C28CC1CEC9B88008ABBCE /* SPGooglePlacesAutocompleteUtilities.m */,
				188C28CD1CEC9B88008ABBCE /* SPGooglePlacesPlaceDetailQuery.h */,
				188C28CE1CEC9B88008ABBCE /* SPGooglePlacesPlaceDetailQuery.m */,
			);
			name = SPGooglePlacesAutoComplete;
			sourceTree = "<group>";
		};
		18E0BE691CCE73AF007BBFB8 /* FrameWork */ = {
			isa = PBXGroup;
			children = (
				185509C51CCF7C3C009641D0 /* MapKit.framework */,
				185509C31CCF7C36009641D0 /* CoreLocation.framework */,
				18E0BE6A1CCE73D2007BBFB8 /* FBSDKCoreKit.framework */,
				18E0BE6B1CCE73D2007BBFB8 /* FBSDKLoginKit.framework */,
				18E0BE6C1CCE73D2007BBFB8 /* FBSDKShareKit.framework */,
			);
			name = FrameWork;
			sourceTree = "<group>";
		};
		18E0BE701CCE859D007BBFB8 /* Photo_Icon */ = {
			isa = PBXGroup;
			children = (
				18FA96961CEC7F7B001773C4 /* hair.png */,
				18FA961C1CEC7E18001773C4 /* anonymous.jpg */,
				18FA961D1CEC7E18001773C4 /* back.png */,
				18FA961E1CEC7E18001773C4 /* call.png */,
				18FA961F1CEC7E18001773C4 /* camera.png */,
				18FA96201CEC7E18001773C4 /* car.png */,
				18FA96211CEC7E18001773C4 /* circle.png */,
				18FA96221CEC7E18001773C4 /* currentposition.png */,
				18FA96231CEC7E18001773C4 /* email.png */,
				18FA96241CEC7E18001773C4 /* facebook.png */,
				18FA96251CEC7E18001773C4 /* facebook2.png */,
				18FA96261CEC7E18001773C4 /* gmail.png */,
				18FA96271CEC7E18001773C4 /* googleplus.png */,
				18FA96281CEC7E18001773C4 /* history.png */,
				18FA96291CEC7E18001773C4 /* home.png */,
				18FA962A1CEC7E18001773C4 /* movedown.png */,
				18FA962B1CEC7E18001773C4 /* moveup.png */,
				18FA962C1CEC7E18001773C4 /* nail.png */,
				18FA962D1CEC7E18001773C4 /* notifications.png */,
				18FA962E1CEC7E18001773C4 /* payment.png */,
				18FA962F1CEC7E18001773C4 /* popbar.png */,
				18FA96301CEC7E18001773C4 /* profile.png */,
				18FA96311CEC7E18001773C4 /* profileImg.gif */,
				18FA96321CEC7E18001773C4 /* promotions.png */,
				18FA96331CEC7E18001773C4 /* signin.jpg */,
				18FA96341CEC7E18001773C4 /* signup.jpg */,
				18FA96351CEC7E18001773C4 /* star.png */,
				18FA96361CEC7E18001773C4 /* starno.png */,
				18FA96371CEC7E18001773C4 /* styler_waiting.png */,
				18FA96381CEC7E18001773C4 /* styler0.jpg */,
				18FA96391CEC7E18001773C4 /* tick */,
				18FA963A1CEC7E18001773C4 /* tick.png */,
				18FA963B1CEC7E18001773C4 /* toolbar.png */,
				18FA963C1CEC7E18001773C4 /* twitter.png */,
				18FA963D1CEC7E18001773C4 /* userwaiting.png */,
				187F60BE1CDB4D2C007230AC /* Loading */,
			);
			name = Photo_Icon;
			sourceTree = "<group>";
		};
		18E0BEB11CCE85E0007BBFB8 /* Photo_Bg */ = {
			isa = PBXGroup;
			children = (
				18FA96861CEC7ED9001773C4 /* 0menuBg.png */,
				18FA96871CEC7ED9001773C4 /* 1mainBg.jpg */,
				18FA96881CEC7ED9001773C4 /* 1shadeMainBg.jpg */,
				18FA96891CEC7ED9001773C4 /* 2signinupBg.jpg */,
				18FA968A1CEC7ED9001773C4 /* 3confirmRequestBg.png */,
				18FA968B1CEC7ED9001773C4 /* blackbg.png */,
				18FA968C1CEC7ED9001773C4 /* map.jpg */,
				18FA968D1CEC7ED9001773C4 /* trang1.jpg */,
			);
			name = Photo_Bg;
			sourceTree = "<group>";
		};
		18FA96C91CEC9120001773C4 /* Support */ = {
			isa = PBXGroup;
			children = (
				188C28C41CEC99FD008ABBCE /* SWRevealViewController.h */,
				188C28C51CEC99FD008ABBCE /* SWRevealViewController.m */,
				18FA97281CEC96CB001773C4 /* New */,
				18FA96CA1CEC9204001773C4 /* CheckLoginFacebook.h */,
				18FA96CB1CEC9204001773C4 /* CheckLoginFacebook.m */,
				18FA96CC1CEC9204001773C4 /* CreateLink.h */,
				18FA96CD1CEC9204001773C4 /* CreateLink.m */,
				18FA96CE1CEC9204001773C4 /* EncodeString.h */,
				18FA96CF1CEC9204001773C4 /* EncodeString.m */,
				18FA96D01CEC9204001773C4 /* GetIdProduct.h */,
				18FA96D11CEC9204001773C4 /* GetIdProduct.m */,
				18FA96D21CEC9204001773C4 /* IOSRequest.h */,
				18FA96D31CEC9204001773C4 /* IOSRequest.m */,
				18FA96D41CEC9204001773C4 /* LoadView.h */,
				18FA96D51CEC9204001773C4 /* LoadView.m */,
				18FA96D61CEC9204001773C4 /* LoginFacebook.h */,
				18FA96D71CEC9204001773C4 /* LoginFacebook.m */,
				18FA96D81CEC9204001773C4 /* NSString+EmailValidation.h */,
				18FA96D91CEC9204001773C4 /* NSString+EmailValidation.m */,
				18FA96DA1CEC9204001773C4 /* OnEmailLogin.h */,
				18FA96DB1CEC9204001773C4 /* OnEmailLogin.m */,
				18FA96DC1CEC9204001773C4 /* OnLoginFacebook.h */,
				18FA96DD1CEC9204001773C4 /* OnLoginFacebook.m */,
				18FA96DE1CEC9204001773C4 /* PushView.h */,
				18FA96DF1CEC9204001773C4 /* PushView.m */,
				18FA96E01CEC9204001773C4 /* RateView.h */,
				18FA96E11CEC9204001773C4 /* RateView.m */,
				18FA96E21CEC9204001773C4 /* SetViewMoveUp.h */,
				18FA96E31CEC9204001773C4 /* SetViewMoveUp.m */,
				18FA96E41CEC9204001773C4 /* ShowActivityIndicatorView.h */,
				18FA96E51CEC9204001773C4 /* ShowActivityIndicatorView.m */,
				18FA96E61CEC9204001773C4 /* ShowAlertView.h */,
				18FA96E71CEC9204001773C4 /* ShowAlertView.m */,
				18FA96E81CEC9204001773C4 /* TableViewCell.h */,
				18FA96E91CEC9204001773C4 /* TableViewCell.m */,
				18FA96EA1CEC9204001773C4 /* UpdateNotification.h */,
				18FA96EB1CEC9204001773C4 /* UpdateNotification.m */,
				18FA96EC1CEC9204001773C4 /* UpdateUserData.h */,
				18FA96ED1CEC9204001773C4 /* UpdateUserData.m */,
			);
			name = Support;
			sourceTree = "<group>";
		};
		18FA97281CEC96CB001773C4 /* New */ = {
			isa = PBXGroup;
			children = (
				18FA97291CEC9744001773C4 /* MKNumberBadgeView.h */,
				18FA972A1CEC9744001773C4 /* MKNumberBadgeView.m */,
			);
			name = New;
			sourceTree = "<group>";
		};
		963EC05AE5D9ED0050FD8270 /* Pods */ = {
			isa = PBXGroup;
			children = (
				127F71193460C46B114237F6 /* Pods.debug.xcconfig */,
				9F85793524B11241E02C0BD1 /* Pods.release.xcconfig */,
			);
			name = Pods;
			sourceTree = "<group>";
		};
		DEA4DA63CFB81281ACCD6219 /* Frameworks */ = {
			isa = PBXGroup;
			children = (
				1814457F1CEB0C7300F89E06 /* Paypal */,
				188ABF121CEB097B008C4C5B /* SystemConfiguration.framework */,
				188ABF101CEB096B008C4C5B /* UIKit.framework */,
				188ABF0E1CEB0964008C4C5B /* Foundation.framework */,
				188ABF0C1CEB0951008C4C5B /* CoreGraphics.framework */,
				188ABF0A1CEB094B008C4C5B /* AddressBook.framework */,
				188ABF081CEB0941008C4C5B /* Security.framework */,
				188ABF041CEB0870008C4C5B /* libxml2.2.dylib */,
				188ABF021CEB0836008C4C5B /* libz.1.dylib */,
				187C0C241CE0284000EF780E /* QuartzCore.framework */,
				96499342BA2FA500CC544ABC /* libPods.a */,
			);
			name = Frameworks;
			sourceTree = "<group>";
		};
/* End PBXGroup section */

/* Begin PBXNativeTarget section */
		186221861CCDF57200B1845C /* Styler */ = {
			isa = PBXNativeTarget;
			buildConfigurationList = 186221B41CCDF57300B1845C /* Build configuration list for PBXNativeTarget "Styler" */;
			buildPhases = (
				462BA654748AFF8297CC7A6B /* Check Pods Manifest.lock */,
				186221831CCDF57200B1845C /* Sources */,
				186221841CCDF57200B1845C /* Frameworks */,
				186221851CCDF57200B1845C /* Resources */,
				2EBF74E87F78EB340AA65A42 /* Embed Pods Frameworks */,
				F6B34857113B76F5F3D179AA /* Copy Pods Resources */,
			);
			buildRules = (
			);
			dependencies = (
			);
			name = Styler;
			productName = Styler;
			productReference = 186221871CCDF57200B1845C /* Styler.app */;
			productType = "com.apple.product-type.application";
		};
		1862219F1CCDF57300B1845C /* StylerTests */ = {
			isa = PBXNativeTarget;
			buildConfigurationList = 186221B71CCDF57300B1845C /* Build configuration list for PBXNativeTarget "StylerTests" */;
			buildPhases = (
				1862219C1CCDF57300B1845C /* Sources */,
				1862219D1CCDF57300B1845C /* Frameworks */,
				1862219E1CCDF57300B1845C /* Resources */,
			);
			buildRules = (
			);
			dependencies = (
				186221A21CCDF57300B1845C /* PBXTargetDependency */,
			);
			name = StylerTests;
			productName = StylerTests;
			productReference = 186221A01CCDF57300B1845C /* StylerTests.xctest */;
			productType = "com.apple.product-type.bundle.unit-test";
		};
		186221AA1CCDF57300B1845C /* StylerUITests */ = {
			isa = PBXNativeTarget;
			buildConfigurationList = 186221BA1CCDF57300B1845C /* Build configuration list for PBXNativeTarget "StylerUITests" */;
			buildPhases = (
				186221A71CCDF57300B1845C /* Sources */,
				186221A81CCDF57300B1845C /* Frameworks */,
				186221A91CCDF57300B1845C /* Resources */,
			);
			buildRules = (
			);
			dependencies = (
				186221AD1CCDF57300B1845C /* PBXTargetDependency */,
			);
			name = StylerUITests;
			productName = StylerUITests;
			productReference = 186221AB1CCDF57300B1845C /* StylerUITests.xctest */;
			productType = "com.apple.product-type.bundle.ui-testing";
		};
/* End PBXNativeTarget section */

/* Begin PBXProject section */
		1862217F1CCDF57200B1845C /* Project object */ = {
			isa = PBXProject;
			attributes = {
				LastUpgradeCheck = 0730;
				ORGANIZATIONNAME = AMOSC;
				TargetAttributes = {
					186221861CCDF57200B1845C = {
						CreatedOnToolsVersion = 7.3;
						DevelopmentTeam = T52DMNDUT3;
					};
					1862219F1CCDF57300B1845C = {
						CreatedOnToolsVersion = 7.3;
						TestTargetID = 186221861CCDF57200B1845C;
					};
					186221AA1CCDF57300B1845C = {
						CreatedOnToolsVersion = 7.3;
						TestTargetID = 186221861CCDF57200B1845C;
					};
				};
			};
			buildConfigurationList = 186221821CCDF57200B1845C /* Build configuration list for PBXProject "Styler" */;
			compatibilityVersion = "Xcode 3.2";
			developmentRegion = English;
			hasScannedForEncodings = 0;
			knownRegions = (
				en,
				Base,
			);
			mainGroup = 1862217E1CCDF57200B1845C;
			productRefGroup = 186221881CCDF57200B1845C /* Products */;
			projectDirPath = "";
			projectRoot = "";
			targets = (
				186221861CCDF57200B1845C /* Styler */,
				1862219F1CCDF57300B1845C /* StylerTests */,
				186221AA1CCDF57300B1845C /* StylerUITests */,
			);
		};
/* End PBXProject section */

/* Begin PBXResourcesBuildPhase section */
		186221851CCDF57200B1845C /* Resources */ = {
			isa = PBXResourcesBuildPhase;
			buildActionMask = 2147483647;
			files = (
				18FA96741CEC7E5F001773C4 /* tmp-1.png in Resources */,
				18FA96481CEC7E18001773C4 /* gmail.png in Resources */,
				18FA96851CEC7E5F001773C4 /* tmp-18.png in Resources */,
				18FA967F1CEC7E5F001773C4 /* tmp-12.png in Resources */,
				18FA96531CEC7E18001773C4 /* profileImg.gif in Resources */,
				18FA96441CEC7E18001773C4 /* currentposition.png in Resources */,
				18FA967E1CEC7E5F001773C4 /* tmp-11.png in Resources */,
				18FA964E1CEC7E18001773C4 /* nail.png in Resources */,
				18FA96821CEC7E5F001773C4 /* tmp-15.png in Resources */,
				18FA96511CEC7E18001773C4 /* popbar.png in Resources */,
				18FA96791CEC7E5F001773C4 /* tmp-6.png in Resources */,
				18FA965B1CEC7E18001773C4 /* tick in Resources */,
				18FA96781CEC7E5F001773C4 /* tmp-5.png in Resources */,
				18FA963F1CEC7E18001773C4 /* back.png in Resources */,
				18FA96801CEC7E5F001773C4 /* tmp-13.png in Resources */,
				18FA965A1CEC7E18001773C4 /* styler0.jpg in Resources */,
				18FA964F1CEC7E18001773C4 /* notifications.png in Resources */,
				18FA965C1CEC7E18001773C4 /* tick.png in Resources */,
				18FA96501CEC7E18001773C4 /* payment.png in Resources */,
				18FA96901CEC7ED9001773C4 /* 1shadeMainBg.jpg in Resources */,
				18FA963E1CEC7E18001773C4 /* anonymous.jpg in Resources */,
				18FA96921CEC7ED9001773C4 /* 3confirmRequestBg.png in Resources */,
				18FA96951CEC7ED9001773C4 /* trang1.jpg in Resources */,
				18FA96841CEC7E5F001773C4 /* tmp-17.png in Resources */,
				18FA964C1CEC7E18001773C4 /* movedown.png in Resources */,
				18FA965E1CEC7E18001773C4 /* twitter.png in Resources */,
				18FA964D1CEC7E18001773C4 /* moveup.png in Resources */,
				18FA96551CEC7E18001773C4 /* signin.jpg in Resources */,
				18FA96581CEC7E18001773C4 /* starno.png in Resources */,
				18FA96771CEC7E5F001773C4 /* tmp-4.png in Resources */,
				1862219A1CCDF57300B1845C /* LaunchScreen.storyboard in Resources */,
				18FA968E1CEC7ED9001773C4 /* 0menuBg.png in Resources */,
				18FA96401CEC7E18001773C4 /* call.png in Resources */,
				18FA96561CEC7E18001773C4 /* signup.jpg in Resources */,
				18FA96421CEC7E18001773C4 /* car.png in Resources */,
				18FA968F1CEC7ED9001773C4 /* 1mainBg.jpg in Resources */,
				18FA96831CEC7E5F001773C4 /* tmp-16.png in Resources */,
				18FA96731CEC7E5F001773C4 /* tmp-0.png in Resources */,
				18FA965F1CEC7E18001773C4 /* userwaiting.png in Resources */,
				18FA96761CEC7E5F001773C4 /* tmp-3.png in Resources */,
				18FA96811CEC7E5F001773C4 /* tmp-14.png in Resources */,
				18FA96971CEC7F7B001773C4 /* hair.png in Resources */,
				18FA96411CEC7E18001773C4 /* camera.png in Resources */,
				18FA964A1CEC7E18001773C4 /* history.png in Resources */,
				18FA96521CEC7E18001773C4 /* profile.png in Resources */,
				18FA967A1CEC7E5F001773C4 /* tmp-7.png in Resources */,
				186221971CCDF57300B1845C /* Assets.xcassets in Resources */,
				18FA96911CEC7ED9001773C4 /* 2signinupBg.jpg in Resources */,
				18FA96451CEC7E18001773C4 /* email.png in Resources */,
				18FA96431CEC7E18001773C4 /* circle.png in Resources */,
				18FA96471CEC7E18001773C4 /* facebook2.png in Resources */,
				18FA967C1CEC7E5F001773C4 /* tmp-9.png in Resources */,
				18FA96931CEC7ED9001773C4 /* blackbg.png in Resources */,
				18FA96751CEC7E5F001773C4 /* tmp-2.png in Resources */,
				18FA96941CEC7ED9001773C4 /* map.jpg in Resources */,
				18FA967B1CEC7E5F001773C4 /* tmp-8.png in Resources */,
				186221951CCDF57300B1845C /* Main.storyboard in Resources */,
				18FA96541CEC7E18001773C4 /* promotions.png in Resources */,
				18FA965D1CEC7E18001773C4 /* toolbar.png in Resources */,
				18FA96461CEC7E18001773C4 /* facebook.png in Resources */,
				18FA96491CEC7E18001773C4 /* googleplus.png in Resources */,
				18FA967D1CEC7E5F001773C4 /* tmp-10.png in Resources */,
				18FA96591CEC7E18001773C4 /* styler_waiting.png in Resources */,
				18FA96571CEC7E18001773C4 /* star.png in Resources */,
				18FA964B1CEC7E18001773C4 /* home.png in Resources */,
				185509C81CCF7E73009641D0 /* GoogleService-Info.plist in Resources */,
			);
			runOnlyForDeploymentPostprocessing = 0;
		};
		1862219E1CCDF57300B1845C /* Resources */ = {
			isa = PBXResourcesBuildPhase;
			buildActionMask = 2147483647;
			files = (
			);
			runOnlyForDeploymentPostprocessing = 0;
		};
		186221A91CCDF57300B1845C /* Resources */ = {
			isa = PBXResourcesBuildPhase;
			buildActionMask = 2147483647;
			files = (
			);
			runOnlyForDeploymentPostprocessing = 0;
		};
/* End PBXResourcesBuildPhase section */

/* Begin PBXShellScriptBuildPhase section */
		2EBF74E87F78EB340AA65A42 /* Embed Pods Frameworks */ = {
			isa = PBXShellScriptBuildPhase;
			buildActionMask = 2147483647;
			files = (
			);
			inputPaths = (
			);
			name = "Embed Pods Frameworks";
			outputPaths = (
			);
			runOnlyForDeploymentPostprocessing = 0;
			shellPath = /bin/sh;
			shellScript = "\"${SRCROOT}/Pods/Target Support Files/Pods/Pods-frameworks.sh\"\n";
			showEnvVarsInLog = 0;
		};
		462BA654748AFF8297CC7A6B /* Check Pods Manifest.lock */ = {
			isa = PBXShellScriptBuildPhase;
			buildActionMask = 2147483647;
			files = (
			);
			inputPaths = (
			);
			name = "Check Pods Manifest.lock";
			outputPaths = (
			);
			runOnlyForDeploymentPostprocessing = 0;
			shellPath = /bin/sh;
			shellScript = "diff \"${PODS_ROOT}/../Podfile.lock\" \"${PODS_ROOT}/Manifest.lock\" > /dev/null\nif [[ $? != 0 ]] ; then\n    cat << EOM\nerror: The sandbox is not in sync with the Podfile.lock. Run 'pod install' or update your CocoaPods installation.\nEOM\n    exit 1\nfi\n";
			showEnvVarsInLog = 0;
		};
		F6B34857113B76F5F3D179AA /* Copy Pods Resources */ = {
			isa = PBXShellScriptBuildPhase;
			buildActionMask = 2147483647;
			files = (
			);
			inputPaths = (
			);
			name = "Copy Pods Resources";
			outputPaths = (
			);
			runOnlyForDeploymentPostprocessing = 0;
			shellPath = /bin/sh;
			shellScript = "\"${SRCROOT}/Pods/Target Support Files/Pods/Pods-resources.sh\"\n";
			showEnvVarsInLog = 0;
		};
/* End PBXShellScriptBuildPhase section */

/* Begin PBXSourcesBuildPhase section */
		186221831CCDF57200B1845C /* Sources */ = {
			isa = PBXSourcesBuildPhase;
			buildActionMask = 2147483647;
			files = (
				18FA96FC1CEC9204001773C4 /* ShowAlertView.m in Sources */,
				18FA96F01CEC9204001773C4 /* EncodeString.m in Sources */,
				1862218F1CCDF57300B1845C /* AppDelegate.m in Sources */,
				186221CB1CCDFCAF00B1845C /* SignUpVC.m in Sources */,
				18FA96F81CEC9204001773C4 /* PushView.m in Sources */,
				18FA96F91CEC9204001773C4 /* RateView.m in Sources */,
				18A8EC651CDD936B009883A3 /* ReceiptVC.m in Sources */,
				1898C75E1CD8A62C00A2A904 /* ConfirmRequest.m in Sources */,
				188AC5CE1CD0A0FF00171D28 /* SignUpVC4.m in Sources */,
				18FA96FB1CEC9204001773C4 /* ShowActivityIndicatorView.m in Sources */,
				18FA96F21CEC9204001773C4 /* IOSRequest.m in Sources */,
				18FA96FD1CEC9204001773C4 /* TableViewCell.m in Sources */,
				186221CE1CCDFCBE00B1845C /* SignUpVC2.m in Sources */,
				187F60E81CDB4F0E007230AC /* ImplementationVC.m in Sources */,
				18FA972B1CEC9744001773C4 /* MKNumberBadgeView.m in Sources */,
				18FA96EF1CEC9204001773C4 /* CreateLink.m in Sources */,
				187F60BD1CDB41AC007230AC /* StylerVC.m in Sources */,
				18FA96F51CEC9204001773C4 /* NSString+EmailValidation.m in Sources */,
				18A8EC681CDDA625009883A3 /* ShareServiceVC.m in Sources */,
				186221C81CCDFC2700B1845C /* SignInVC.m in Sources */,
				18E384BA1CD1CBDB00A11DDD /* MenuVC.m in Sources */,
				18FA96F31CEC9204001773C4 /* LoadView.m in Sources */,
				188C28D11CEC9B88008ABBCE /* SPGooglePlacesAutocompleteUtilities.m in Sources */,
				18FA96F11CEC9204001773C4 /* GetIdProduct.m in Sources */,
				18B32C391CD9D36100EF518A /* StylerFindingVC.m in Sources */,
				1814FEA91CEC038B008AA350 /* ProfileVC.m in Sources */,
				18FA96FA1CEC9204001773C4 /* SetViewMoveUp.m in Sources */,
				185509AD1CCF5075009641D0 /* ServiceRequest.m in Sources */,
				1862218C1CCDF57300B1845C /* main.m in Sources */,
				18FA96EE1CEC9204001773C4 /* CheckLoginFacebook.m in Sources */,
				188C28D21CEC9B88008ABBCE /* SPGooglePlacesPlaceDetailQuery.m in Sources */,
				18FA96FF1CEC9204001773C4 /* UpdateUserData.m in Sources */,
				186221D11CCDFCD000B1845C /* SignUpVC3.m in Sources */,
				18FF04971CE9B1B9006B74F5 /* NotificationVC.m in Sources */,
				188C28C61CEC99FD008ABBCE /* SWRevealViewController.m in Sources */,
				18FA96FE1CEC9204001773C4 /* UpdateNotification.m in Sources */,
				18CEC48C1CD3089C00C943DD /* ServicesVC.m in Sources */,
				188C28CF1CEC9B88008ABBCE /* SPGooglePlacesAutocompletePlace.m in Sources */,
				188C28D01CEC9B88008ABBCE /* SPGooglePlacesAutocompleteQuery.m in Sources */,
				18FA96F71CEC9204001773C4 /* OnLoginFacebook.m in Sources */,
				18FA96F61CEC9204001773C4 /* OnEmailLogin.m in Sources */,
				18FA96F41CEC9204001773C4 /* LoginFacebook.m in Sources */,
			);
			runOnlyForDeploymentPostprocessing = 0;
		};
		1862219C1CCDF57300B1845C /* Sources */ = {
			isa = PBXSourcesBuildPhase;
			buildActionMask = 2147483647;
			files = (
				186221A51CCDF57300B1845C /* StylerTests.m in Sources */,
			);
			runOnlyForDeploymentPostprocessing = 0;
		};
		186221A71CCDF57300B1845C /* Sources */ = {
			isa = PBXSourcesBuildPhase;
			buildActionMask = 2147483647;
			files = (
				186221B01CCDF57300B1845C /* StylerUITests.m in Sources */,
			);
			runOnlyForDeploymentPostprocessing = 0;
		};
/* End PBXSourcesBuildPhase section */

/* Begin PBXTargetDependency section */
		186221A21CCDF57300B1845C /* PBXTargetDependency */ = {
			isa = PBXTargetDependency;
			target = 186221861CCDF57200B1845C /* Styler */;
			targetProxy = 186221A11CCDF57300B1845C /* PBXContainerItemProxy */;
		};
		186221AD1CCDF57300B1845C /* PBXTargetDependency */ = {
			isa = PBXTargetDependency;
			target = 186221861CCDF57200B1845C /* Styler */;
			targetProxy = 186221AC1CCDF57300B1845C /* PBXContainerItemProxy */;
		};
/* End PBXTargetDependency section */

/* Begin PBXVariantGroup section */
		186221931CCDF57300B1845C /* Main.storyboard */ = {
			isa = PBXVariantGroup;
			children = (
				186221941CCDF57300B1845C /* Base */,
			);
			name = Main.storyboard;
			sourceTree = "<group>";
		};
		186221981CCDF57300B1845C /* LaunchScreen.storyboard */ = {
			isa = PBXVariantGroup;
			children = (
				186221991CCDF57300B1845C /* Base */,
			);
			name = LaunchScreen.storyboard;
			sourceTree = "<group>";
		};
/* End PBXVariantGroup section */

/* Begin XCBuildConfiguration section */
		186221B21CCDF57300B1845C /* Debug */ = {
			isa = XCBuildConfiguration;
			buildSettings = {
				ALWAYS_SEARCH_USER_PATHS = NO;
				CLANG_ANALYZER_NONNULL = YES;
				CLANG_CXX_LANGUAGE_STANDARD = "gnu++0x";
				CLANG_CXX_LIBRARY = "libc++";
				CLANG_ENABLE_MODULES = YES;
				CLANG_ENABLE_OBJC_ARC = YES;
				CLANG_WARN_BOOL_CONVERSION = YES;
				CLANG_WARN_CONSTANT_CONVERSION = YES;
				CLANG_WARN_DIRECT_OBJC_ISA_USAGE = YES_ERROR;
				CLANG_WARN_EMPTY_BODY = YES;
				CLANG_WARN_ENUM_CONVERSION = YES;
				CLANG_WARN_INT_CONVERSION = YES;
				CLANG_WARN_OBJC_ROOT_CLASS = YES_ERROR;
				CLANG_WARN_UNREACHABLE_CODE = YES;
				CLANG_WARN__DUPLICATE_METHOD_MATCH = YES;
				"CODE_SIGN_IDENTITY[sdk=iphoneos*]" = "iPhone Developer";
				COPY_PHASE_STRIP = NO;
				DEBUG_INFORMATION_FORMAT = dwarf;
				ENABLE_STRICT_OBJC_MSGSEND = YES;
				ENABLE_TESTABILITY = YES;
				GCC_C_LANGUAGE_STANDARD = gnu99;
				GCC_DYNAMIC_NO_PIC = NO;
				GCC_NO_COMMON_BLOCKS = YES;
				GCC_OPTIMIZATION_LEVEL = 0;
				GCC_PREPROCESSOR_DEFINITIONS = (
					"DEBUG=1",
					"$(inherited)",
				);
				GCC_WARN_64_TO_32_BIT_CONVERSION = YES;
				GCC_WARN_ABOUT_RETURN_TYPE = YES_ERROR;
				GCC_WARN_UNDECLARED_SELECTOR = YES;
				GCC_WARN_UNINITIALIZED_AUTOS = YES_AGGRESSIVE;
				GCC_WARN_UNUSED_FUNCTION = YES;
				GCC_WARN_UNUSED_VARIABLE = YES;
				IPHONEOS_DEPLOYMENT_TARGET = 9.2;
				MTL_ENABLE_DEBUG_INFO = YES;
				ONLY_ACTIVE_ARCH = YES;
				SDKROOT = iphoneos;
			};
			name = Debug;
		};
		186221B31CCDF57300B1845C /* Release */ = {
			isa = XCBuildConfiguration;
			buildSettings = {
				ALWAYS_SEARCH_USER_PATHS = NO;
				CLANG_ANALYZER_NONNULL = YES;
				CLANG_CXX_LANGUAGE_STANDARD = "gnu++0x";
				CLANG_CXX_LIBRARY = "libc++";
				CLANG_ENABLE_MODULES = YES;
				CLANG_ENABLE_OBJC_ARC = YES;
				CLANG_WARN_BOOL_CONVERSION = YES;
				CLANG_WARN_CONSTANT_CONVERSION = YES;
				CLANG_WARN_DIRECT_OBJC_ISA_USAGE = YES_ERROR;
				CLANG_WARN_EMPTY_BODY = YES;
				CLANG_WARN_ENUM_CONVERSION = YES;
				CLANG_WARN_INT_CONVERSION = YES;
				CLANG_WARN_OBJC_ROOT_CLASS = YES_ERROR;
				CLANG_WARN_UNREACHABLE_CODE = YES;
				CLANG_WARN__DUPLICATE_METHOD_MATCH = YES;
				"CODE_SIGN_IDENTITY[sdk=iphoneos*]" = "iPhone Developer";
				COPY_PHASE_STRIP = NO;
				DEBUG_INFORMATION_FORMAT = "dwarf-with-dsym";
				ENABLE_NS_ASSERTIONS = NO;
				ENABLE_STRICT_OBJC_MSGSEND = YES;
				GCC_C_LANGUAGE_STANDARD = gnu99;
				GCC_NO_COMMON_BLOCKS = YES;
				GCC_WARN_64_TO_32_BIT_CONVERSION = YES;
				GCC_WARN_ABOUT_RETURN_TYPE = YES_ERROR;
				GCC_WARN_UNDECLARED_SELECTOR = YES;
				GCC_WARN_UNINITIALIZED_AUTOS = YES_AGGRESSIVE;
				GCC_WARN_UNUSED_FUNCTION = YES;
				GCC_WARN_UNUSED_VARIABLE = YES;
				IPHONEOS_DEPLOYMENT_TARGET = 9.2;
				MTL_ENABLE_DEBUG_INFO = NO;
				SDKROOT = iphoneos;
				VALIDATE_PRODUCT = YES;
			};
			name = Release;
		};
		186221B51CCDF57300B1845C /* Debug */ = {
			isa = XCBuildConfiguration;
			baseConfigurationReference = 127F71193460C46B114237F6 /* Pods.debug.xcconfig */;
			buildSettings = {
				ASSETCATALOG_COMPILER_APPICON_NAME = AppIcon;
				CODE_SIGN_IDENTITY = "iPhone Developer";
				"CODE_SIGN_IDENTITY[sdk=iphoneos*]" = "iPhone Developer";
				ENABLE_BITCODE = NO;
				FRAMEWORK_SEARCH_PATHS = "/Users/Apple/Downloads/FacebookSDKs-iOS-20160210";
				INFOPLIST_FILE = Styler/Info.plist;
				LD_RUNPATH_SEARCH_PATHS = "$(inherited) @executable_path/Frameworks";
				LIBRARY_SEARCH_PATHS = (
					"$(inherited)",
					"$(PROJECT_DIR)",
				);
				PRODUCT_BUNDLE_IDENTIFIER = vn.AMOSC.Styler;
				PRODUCT_NAME = "$(TARGET_NAME)";
				PROVISIONING_PROFILE = "";
			};
			name = Debug;
		};
		186221B61CCDF57300B1845C /* Release */ = {
			isa = XCBuildConfiguration;
			baseConfigurationReference = 9F85793524B11241E02C0BD1 /* Pods.release.xcconfig */;
			buildSettings = {
				ASSETCATALOG_COMPILER_APPICON_NAME = AppIcon;
				CODE_SIGN_IDENTITY = "iPhone Developer";
				"CODE_SIGN_IDENTITY[sdk=iphoneos*]" = "iPhone Developer";
				ENABLE_BITCODE = NO;
				FRAMEWORK_SEARCH_PATHS = "/Users/Apple/Downloads/FacebookSDKs-iOS-20160210";
				INFOPLIST_FILE = Styler/Info.plist;
				LD_RUNPATH_SEARCH_PATHS = "$(inherited) @executable_path/Frameworks";
				LIBRARY_SEARCH_PATHS = (
					"$(inherited)",
					"$(PROJECT_DIR)",
				);
				PRODUCT_BUNDLE_IDENTIFIER = vn.AMOSC.Styler;
				PRODUCT_NAME = "$(TARGET_NAME)";
				PROVISIONING_PROFILE = "";
			};
			name = Release;
		};
		186221B81CCDF57300B1845C /* Debug */ = {
			isa = XCBuildConfiguration;
			buildSettings = {
				BUNDLE_LOADER = "$(TEST_HOST)";
				INFOPLIST_FILE = StylerTests/Info.plist;
				LD_RUNPATH_SEARCH_PATHS = "$(inherited) @executable_path/Frameworks @loader_path/Frameworks";
				LIBRARY_SEARCH_PATHS = (
					"$(inherited)",
					"$(PROJECT_DIR)",
				);
				PRODUCT_BUNDLE_IDENTIFIER = Mihozil.StylerTests;
				PRODUCT_NAME = "$(TARGET_NAME)";
				TEST_HOST = "$(BUILT_PRODUCTS_DIR)/Styler.app/Styler";
			};
			name = Debug;
		};
		186221B91CCDF57300B1845C /* Release */ = {
			isa = XCBuildConfiguration;
			buildSettings = {
				BUNDLE_LOADER = "$(TEST_HOST)";
				INFOPLIST_FILE = StylerTests/Info.plist;
				LD_RUNPATH_SEARCH_PATHS = "$(inherited) @executable_path/Frameworks @loader_path/Frameworks";
				LIBRARY_SEARCH_PATHS = (
					"$(inherited)",
					"$(PROJECT_DIR)",
				);
				PRODUCT_BUNDLE_IDENTIFIER = Mihozil.StylerTests;
				PRODUCT_NAME = "$(TARGET_NAME)";
				TEST_HOST = "$(BUILT_PRODUCTS_DIR)/Styler.app/Styler";
			};
			name = Release;
		};
		186221BB1CCDF57300B1845C /* Debug */ = {
			isa = XCBuildConfiguration;
			buildSettings = {
				INFOPLIST_FILE = StylerUITests/Info.plist;
				LD_RUNPATH_SEARCH_PATHS = "$(inherited) @executable_path/Frameworks @loader_path/Frameworks";
				LIBRARY_SEARCH_PATHS = (
					"$(inherited)",
					"$(PROJECT_DIR)",
				);
				PRODUCT_BUNDLE_IDENTIFIER = Mihozil.StylerUITests;
				PRODUCT_NAME = "$(TARGET_NAME)";
				TEST_TARGET_NAME = Styler;
			};
			name = Debug;
		};
		186221BC1CCDF57300B1845C /* Release */ = {
			isa = XCBuildConfiguration;
			buildSettings = {
				INFOPLIST_FILE = StylerUITests/Info.plist;
				LD_RUNPATH_SEARCH_PATHS = "$(inherited) @executable_path/Frameworks @loader_path/Frameworks";
				LIBRARY_SEARCH_PATHS = (
					"$(inherited)",
					"$(PROJECT_DIR)",
				);
				PRODUCT_BUNDLE_IDENTIFIER = Mihozil.StylerUITests;
				PRODUCT_NAME = "$(TARGET_NAME)";
				TEST_TARGET_NAME = Styler;
			};
			name = Release;
		};
/* End XCBuildConfiguration section */

/* Begin XCConfigurationList section */
		186221821CCDF57200B1845C /* Build configuration list for PBXProject "Styler" */ = {
			isa = XCConfigurationList;
			buildConfigurations = (
				186221B21CCDF57300B1845C /* Debug */,
				186221B31CCDF57300B1845C /* Release */,
			);
			defaultConfigurationIsVisible = 0;
			defaultConfigurationName = Release;
		};
		186221B41CCDF57300B1845C /* Build configuration list for PBXNativeTarget "Styler" */ = {
			isa = XCConfigurationList;
			buildConfigurations = (
				186221B51CCDF57300B1845C /* Debug */,
				186221B61CCDF57300B1845C /* Release */,
			);
			defaultConfigurationIsVisible = 0;
			defaultConfigurationName = Release;
		};
		186221B71CCDF57300B1845C /* Build configuration list for PBXNativeTarget "StylerTests" */ = {
			isa = XCConfigurationList;
			buildConfigurations = (
				186221B81CCDF57300B1845C /* Debug */,
				186221B91CCDF57300B1845C /* Release */,
			);
			defaultConfigurationIsVisible = 0;
			defaultConfigurationName = Release;
		};
		186221BA1CCDF57300B1845C /* Build configuration list for PBXNativeTarget "StylerUITests" */ = {
			isa = XCConfigurationList;
			buildConfigurations = (
				186221BB1CCDF57300B1845C /* Debug */,
				186221BC1CCDF57300B1845C /* Release */,
			);
			defaultConfigurationIsVisible = 0;
			defaultConfigurationName = Release;
		};
/* End XCConfigurationList section */
	};
	rootObject = 1862217F1CCDF57200B1845C /* Project object */;
}
